// !$*UTF8*$!
{
	archiveVersion = 1;
	classes = {
	};
	objectVersion = 46;
	objects = {

/* Begin PBXBuildFile section */
		EB32FCD8134812CE0007A5C3 /* Brown.jpg in Resources */ = {isa = PBXBuildFile; fileRef = EB32FCD4134812CE0007A5C3 /* Brown.jpg */; };
		EB32FCD9134812CE0007A5C3 /* Green.jpg in Resources */ = {isa = PBXBuildFile; fileRef = EB32FCD5134812CE0007A5C3 /* Green.jpg */; };
		EB32FCDA134812CE0007A5C3 /* Grey.jpg in Resources */ = {isa = PBXBuildFile; fileRef = EB32FCD6134812CE0007A5C3 /* Grey.jpg */; };
		EB32FCDB134812CE0007A5C3 /* Red.jpg in Resources */ = {isa = PBXBuildFile; fileRef = EB32FCD7134812CE0007A5C3 /* Red.jpg */; };
		EB32FCE0134817040007A5C3 /* FontExplorerIcon.png in Resources */ = {isa = PBXBuildFile; fileRef = EB32FCDE134817040007A5C3 /* FontExplorerIcon.png */; };
		EB32FCE1134817040007A5C3 /* FontExplorerIcon@2x.png in Resources */ = {isa = PBXBuildFile; fileRef = EB32FCDF134817040007A5C3 /* FontExplorerIcon@2x.png */; };
		EB32FCE413481CEC0007A5C3 /* ImageExplorerIcon.png in Resources */ = {isa = PBXBuildFile; fileRef = EB32FCE213481CEC0007A5C3 /* ImageExplorerIcon.png */; };
		EB32FCE513481CEC0007A5C3 /* ImageExplorerIcon@2x.png in Resources */ = {isa = PBXBuildFile; fileRef = EB32FCE313481CEC0007A5C3 /* ImageExplorerIcon@2x.png */; };
		EB32FCE713481F710007A5C3 /* QuartzCore.framework in Frameworks */ = {isa = PBXBuildFile; fileRef = EB32FCE613481F710007A5C3 /* QuartzCore.framework */; };
		EB4282401348F2C100A0770C /* DAFullScreenImageViewController.m in Sources */ = {isa = PBXBuildFile; fileRef = EB42823E1348F2C100A0770C /* DAFullScreenImageViewController.m */; };
		EB4282411348F2C100A0770C /* DAFullScreenImageView.xib in Resources */ = {isa = PBXBuildFile; fileRef = EB42823F1348F2C100A0770C /* DAFullScreenImageView.xib */; };
		EB7B00F913480A6000758F36 /* UIKit.framework in Frameworks */ = {isa = PBXBuildFile; fileRef = EB7B00F813480A6000758F36 /* UIKit.framework */; };
		EB7B00FB13480A6000758F36 /* Foundation.framework in Frameworks */ = {isa = PBXBuildFile; fileRef = EB7B00FA13480A6000758F36 /* Foundation.framework */; };
		EB7B00FD13480A6000758F36 /* CoreGraphics.framework in Frameworks */ = {isa = PBXBuildFile; fileRef = EB7B00FC13480A6000758F36 /* CoreGraphics.framework */; };
		EB7B010313480A6000758F36 /* InfoPlist.strings in Resources */ = {isa = PBXBuildFile; fileRef = EB7B010113480A6000758F36 /* InfoPlist.strings */; };
		EB7B010613480A6000758F36 /* main.m in Sources */ = {isa = PBXBuildFile; fileRef = EB7B010513480A6000758F36 /* main.m */; };
		EB7B010913480A6000758F36 /* DebuggingAppAppDelegate.m in Sources */ = {isa = PBXBuildFile; fileRef = EB7B010813480A6000758F36 /* DebuggingAppAppDelegate.m */; };
		EB7B010C13480A6000758F36 /* MainWindow.xib in Resources */ = {isa = PBXBuildFile; fileRef = EB7B010A13480A6000758F36 /* MainWindow.xib */; };
		EB7B011F13480A6000758F36 /* UIKit.framework in Frameworks */ = {isa = PBXBuildFile; fileRef = EB7B00F813480A6000758F36 /* UIKit.framework */; };
		EB7B012013480A6000758F36 /* Foundation.framework in Frameworks */ = {isa = PBXBuildFile; fileRef = EB7B00FA13480A6000758F36 /* Foundation.framework */; };
		EB7B012113480A6000758F36 /* CoreGraphics.framework in Frameworks */ = {isa = PBXBuildFile; fileRef = EB7B00FC13480A6000758F36 /* CoreGraphics.framework */; };
		EB7B012913480A6000758F36 /* InfoPlist.strings in Resources */ = {isa = PBXBuildFile; fileRef = EB7B012713480A6000758F36 /* InfoPlist.strings */; };
		EB7B012C13480A6000758F36 /* DebuggingAppTests.h in Resources */ = {isa = PBXBuildFile; fileRef = EB7B012B13480A6000758F36 /* DebuggingAppTests.h */; };
		EB7B012E13480A6000758F36 /* DebuggingAppTests.m in Sources */ = {isa = PBXBuildFile; fileRef = EB7B012D13480A6000758F36 /* DebuggingAppTests.m */; };
		EB7B015613480C3F00758F36 /* UITableViewCellAdditions.m in Sources */ = {isa = PBXBuildFile; fileRef = EB7B015513480C3F00758F36 /* UITableViewCellAdditions.m */; };
		EB7B016713480C4E00758F36 /* DAChooseFontTableView.xib in Resources */ = {isa = PBXBuildFile; fileRef = EB7B015813480C4E00758F36 /* DAChooseFontTableView.xib */; };
		EB7B016813480C4E00758F36 /* DAChooseFontTableViewController.m in Sources */ = {isa = PBXBuildFile; fileRef = EB7B015A13480C4E00758F36 /* DAChooseFontTableViewController.m */; };
		EB7B016913480C4E00758F36 /* DAMainFontExplorer.m in Sources */ = {isa = PBXBuildFile; fileRef = EB7B015C13480C4E00758F36 /* DAMainFontExplorer.m */; };
		EB7B016A13480C4E00758F36 /* DAMainFontExplorer.xib in Resources */ = {isa = PBXBuildFile; fileRef = EB7B015D13480C4E00758F36 /* DAMainFontExplorer.xib */; };
		EB7B016B13480C4E00758F36 /* DAPossibleFonts.m in Sources */ = {isa = PBXBuildFile; fileRef = EB7B015F13480C4E00758F36 /* DAPossibleFonts.m */; };
		EB7B016C13480C4E00758F36 /* FontSizeCell.m in Sources */ = {isa = PBXBuildFile; fileRef = EB7B016113480C4E00758F36 /* FontSizeCell.m */; };
		EB7B016D13480C4E00758F36 /* FontSizeCell.xib in Resources */ = {isa = PBXBuildFile; fileRef = EB7B016213480C4E00758F36 /* FontSizeCell.xib */; };
		EB7B016E13480C4E00758F36 /* DAMainImageExplorer.m in Sources */ = {isa = PBXBuildFile; fileRef = EB7B016513480C4E00758F36 /* DAMainImageExplorer.m */; };
		EB7B016F13480C4E00758F36 /* DAMainImageExplorer.xib in Resources */ = {isa = PBXBuildFile; fileRef = EB7B016613480C4E00758F36 /* DAMainImageExplorer.xib */; };
/* End PBXBuildFile section */

/* Begin PBXContainerItemProxy section */
		EB7B012213480A6000758F36 /* PBXContainerItemProxy */ = {
			isa = PBXContainerItemProxy;
			containerPortal = EB7B00EB13480A6000758F36 /* Project object */;
			proxyType = 1;
			remoteGlobalIDString = EB7B00F313480A6000758F36;
			remoteInfo = DebuggingApp;
		};
/* End PBXContainerItemProxy section */

/* Begin PBXFileReference section */
		EB32FCD4134812CE0007A5C3 /* Brown.jpg */ = {isa = PBXFileReference; lastKnownFileType = image.jpeg; path = Brown.jpg; sourceTree = "<group>"; };
		EB32FCD5134812CE0007A5C3 /* Green.jpg */ = {isa = PBXFileReference; lastKnownFileType = image.jpeg; path = Green.jpg; sourceTree = "<group>"; };
		EB32FCD6134812CE0007A5C3 /* Grey.jpg */ = {isa = PBXFileReference; lastKnownFileType = image.jpeg; path = Grey.jpg; sourceTree = "<group>"; };
		EB32FCD7134812CE0007A5C3 /* Red.jpg */ = {isa = PBXFileReference; lastKnownFileType = image.jpeg; path = Red.jpg; sourceTree = "<group>"; };
		EB32FCDE134817040007A5C3 /* FontExplorerIcon.png */ = {isa = PBXFileReference; lastKnownFileType = image.png; path = FontExplorerIcon.png; sourceTree = "<group>"; };
		EB32FCDF134817040007A5C3 /* FontExplorerIcon@2x.png */ = {isa = PBXFileReference; lastKnownFileType = image.png; path = "FontExplorerIcon@2x.png"; sourceTree = "<group>"; };
		EB32FCE213481CEC0007A5C3 /* ImageExplorerIcon.png */ = {isa = PBXFileReference; lastKnownFileType = image.png; path = ImageExplorerIcon.png; sourceTree = "<group>"; };
		EB32FCE313481CEC0007A5C3 /* ImageExplorerIcon@2x.png */ = {isa = PBXFileReference; lastKnownFileType = image.png; path = "ImageExplorerIcon@2x.png"; sourceTree = "<group>"; };
		EB32FCE613481F710007A5C3 /* QuartzCore.framework */ = {isa = PBXFileReference; lastKnownFileType = wrapper.framework; name = QuartzCore.framework; path = System/Library/Frameworks/QuartzCore.framework; sourceTree = SDKROOT; };
		EB42823D1348F2C100A0770C /* DAFullScreenImageViewController.h */ = {isa = PBXFileReference; fileEncoding = 4; lastKnownFileType = sourcecode.c.h; path = DAFullScreenImageViewController.h; sourceTree = "<group>"; };
		EB42823E1348F2C100A0770C /* DAFullScreenImageViewController.m */ = {isa = PBXFileReference; fileEncoding = 4; lastKnownFileType = sourcecode.c.objc; path = DAFullScreenImageViewController.m; sourceTree = "<group>"; };
		EB42823F1348F2C100A0770C /* DAFullScreenImageView.xib */ = {isa = PBXFileReference; fileEncoding = 4; lastKnownFileType = file.xib; path = DAFullScreenImageView.xib; sourceTree = "<group>"; };
		EB7B00F413480A6000758F36 /* DebuggingApp.app */ = {isa = PBXFileReference; explicitFileType = wrapper.application; includeInIndex = 0; path = DebuggingApp.app; sourceTree = BUILT_PRODUCTS_DIR; };
		EB7B00F813480A6000758F36 /* UIKit.framework */ = {isa = PBXFileReference; lastKnownFileType = wrapper.framework; name = UIKit.framework; path = System/Library/Frameworks/UIKit.framework; sourceTree = SDKROOT; };
		EB7B00FA13480A6000758F36 /* Foundation.framework */ = {isa = PBXFileReference; lastKnownFileType = wrapper.framework; name = Foundation.framework; path = System/Library/Frameworks/Foundation.framework; sourceTree = SDKROOT; };
		EB7B00FC13480A6000758F36 /* CoreGraphics.framework */ = {isa = PBXFileReference; lastKnownFileType = wrapper.framework; name = CoreGraphics.framework; path = System/Library/Frameworks/CoreGraphics.framework; sourceTree = SDKROOT; };
		EB7B010013480A6000758F36 /* DebuggingApp-Info.plist */ = {isa = PBXFileReference; lastKnownFileType = text.plist.xml; path = "DebuggingApp-Info.plist"; sourceTree = "<group>"; };
		EB7B010213480A6000758F36 /* en */ = {isa = PBXFileReference; lastKnownFileType = text.plist.strings; name = en; path = en.lproj/InfoPlist.strings; sourceTree = "<group>"; };
		EB7B010413480A6000758F36 /* DebuggingApp-Prefix.pch */ = {isa = PBXFileReference; lastKnownFileType = sourcecode.c.h; path = "DebuggingApp-Prefix.pch"; sourceTree = "<group>"; };
		EB7B010513480A6000758F36 /* main.m */ = {isa = PBXFileReference; lastKnownFileType = sourcecode.c.objc; path = main.m; sourceTree = "<group>"; };
		EB7B010713480A6000758F36 /* DebuggingAppAppDelegate.h */ = {isa = PBXFileReference; lastKnownFileType = sourcecode.c.h; path = DebuggingAppAppDelegate.h; sourceTree = "<group>"; };
		EB7B010813480A6000758F36 /* DebuggingAppAppDelegate.m */ = {isa = PBXFileReference; lastKnownFileType = sourcecode.c.objc; path = DebuggingAppAppDelegate.m; sourceTree = "<group>"; };
		EB7B010B13480A6000758F36 /* en */ = {isa = PBXFileReference; lastKnownFileType = file.xib; name = en; path = en.lproj/MainWindow.xib; sourceTree = "<group>"; };
		EB7B011E13480A6000758F36 /* DebuggingAppTests.octest */ = {isa = PBXFileReference; explicitFileType = wrapper.cfbundle; includeInIndex = 0; path = DebuggingAppTests.octest; sourceTree = BUILT_PRODUCTS_DIR; };
		EB7B012613480A6000758F36 /* DebuggingAppTests-Info.plist */ = {isa = PBXFileReference; lastKnownFileType = text.plist.xml; path = "DebuggingAppTests-Info.plist"; sourceTree = "<group>"; };
		EB7B012813480A6000758F36 /* en */ = {isa = PBXFileReference; lastKnownFileType = text.plist.strings; name = en; path = en.lproj/InfoPlist.strings; sourceTree = "<group>"; };
		EB7B012A13480A6000758F36 /* DebuggingAppTests-Prefix.pch */ = {isa = PBXFileReference; lastKnownFileType = sourcecode.c.h; path = "DebuggingAppTests-Prefix.pch"; sourceTree = "<group>"; };
		EB7B012B13480A6000758F36 /* DebuggingAppTests.h */ = {isa = PBXFileReference; lastKnownFileType = sourcecode.c.h; path = DebuggingAppTests.h; sourceTree = "<group>"; };
		EB7B012D13480A6000758F36 /* DebuggingAppTests.m */ = {isa = PBXFileReference; lastKnownFileType = sourcecode.c.objc; path = DebuggingAppTests.m; sourceTree = "<group>"; };
		EB7B015413480C3F00758F36 /* UITableViewCellAdditions.h */ = {isa = PBXFileReference; fileEncoding = 4; lastKnownFileType = sourcecode.c.h; path = UITableViewCellAdditions.h; sourceTree = "<group>"; };
		EB7B015513480C3F00758F36 /* UITableViewCellAdditions.m */ = {isa = PBXFileReference; fileEncoding = 4; lastKnownFileType = sourcecode.c.objc; path = UITableViewCellAdditions.m; sourceTree = "<group>"; };
		EB7B015813480C4E00758F36 /* DAChooseFontTableView.xib */ = {isa = PBXFileReference; fileEncoding = 4; lastKnownFileType = file.xib; path = DAChooseFontTableView.xib; sourceTree = "<group>"; };
		EB7B015913480C4E00758F36 /* DAChooseFontTableViewController.h */ = {isa = PBXFileReference; fileEncoding = 4; lastKnownFileType = sourcecode.c.h; path = DAChooseFontTableViewController.h; sourceTree = "<group>"; };
		EB7B015A13480C4E00758F36 /* DAChooseFontTableViewController.m */ = {isa = PBXFileReference; fileEncoding = 4; lastKnownFileType = sourcecode.c.objc; path = DAChooseFontTableViewController.m; sourceTree = "<group>"; };
		EB7B015B13480C4E00758F36 /* DAMainFontExplorer.h */ = {isa = PBXFileReference; fileEncoding = 4; lastKnownFileType = sourcecode.c.h; path = DAMainFontExplorer.h; sourceTree = "<group>"; };
		EB7B015C13480C4E00758F36 /* DAMainFontExplorer.m */ = {isa = PBXFileReference; fileEncoding = 4; lastKnownFileType = sourcecode.c.objc; path = DAMainFontExplorer.m; sourceTree = "<group>"; };
		EB7B015D13480C4E00758F36 /* DAMainFontExplorer.xib */ = {isa = PBXFileReference; fileEncoding = 4; lastKnownFileType = file.xib; path = DAMainFontExplorer.xib; sourceTree = "<group>"; };
		EB7B015E13480C4E00758F36 /* DAPossibleFonts.h */ = {isa = PBXFileReference; fileEncoding = 4; lastKnownFileType = sourcecode.c.h; path = DAPossibleFonts.h; sourceTree = "<group>"; };
		EB7B015F13480C4E00758F36 /* DAPossibleFonts.m */ = {isa = PBXFileReference; fileEncoding = 4; lastKnownFileType = sourcecode.c.objc; path = DAPossibleFonts.m; sourceTree = "<group>"; };
		EB7B016013480C4E00758F36 /* FontSizeCell.h */ = {isa = PBXFileReference; fileEncoding = 4; lastKnownFileType = sourcecode.c.h; path = FontSizeCell.h; sourceTree = "<group>"; };
		EB7B016113480C4E00758F36 /* FontSizeCell.m */ = {isa = PBXFileReference; fileEncoding = 4; lastKnownFileType = sourcecode.c.objc; path = FontSizeCell.m; sourceTree = "<group>"; };
		EB7B016213480C4E00758F36 /* FontSizeCell.xib */ = {isa = PBXFileReference; fileEncoding = 4; lastKnownFileType = file.xib; path = FontSizeCell.xib; sourceTree = "<group>"; };
		EB7B016413480C4E00758F36 /* DAMainImageExplorer.h */ = {isa = PBXFileReference; fileEncoding = 4; lastKnownFileType = sourcecode.c.h; path = DAMainImageExplorer.h; sourceTree = "<group>"; };
		EB7B016513480C4E00758F36 /* DAMainImageExplorer.m */ = {isa = PBXFileReference; fileEncoding = 4; lastKnownFileType = sourcecode.c.objc; path = DAMainImageExplorer.m; sourceTree = "<group>"; };
		EB7B016613480C4E00758F36 /* DAMainImageExplorer.xib */ = {isa = PBXFileReference; fileEncoding = 4; lastKnownFileType = file.xib; path = DAMainImageExplorer.xib; sourceTree = "<group>"; };
/* End PBXFileReference section */

/* Begin PBXFrameworksBuildPhase section */
		EB7B00F113480A6000758F36 /* Frameworks */ = {
			isa = PBXFrameworksBuildPhase;
			buildActionMask = 2147483647;
			files = (
				EB32FCE713481F710007A5C3 /* QuartzCore.framework in Frameworks */,
				EB7B00F913480A6000758F36 /* UIKit.framework in Frameworks */,
				EB7B00FB13480A6000758F36 /* Foundation.framework in Frameworks */,
				EB7B00FD13480A6000758F36 /* CoreGraphics.framework in Frameworks */,
			);
			runOnlyForDeploymentPostprocessing = 0;
		};
		EB7B011A13480A6000758F36 /* Frameworks */ = {
			isa = PBXFrameworksBuildPhase;
			buildActionMask = 2147483647;
			files = (
				EB7B011F13480A6000758F36 /* UIKit.framework in Frameworks */,
				EB7B012013480A6000758F36 /* Foundation.framework in Frameworks */,
				EB7B012113480A6000758F36 /* CoreGraphics.framework in Frameworks */,
			);
			runOnlyForDeploymentPostprocessing = 0;
		};
/* End PBXFrameworksBuildPhase section */

/* Begin PBXGroup section */
		EB32FCD3134812CE0007A5C3 /* images */ = {
			isa = PBXGroup;
			children = (
				EB32FCD4134812CE0007A5C3 /* Brown.jpg */,
				EB32FCD5134812CE0007A5C3 /* Green.jpg */,
				EB32FCD6134812CE0007A5C3 /* Grey.jpg */,
				EB32FCD7134812CE0007A5C3 /* Red.jpg */,
			);
			path = images;
			sourceTree = "<group>";
		};
		EB32FCDD134817040007A5C3 /* images */ = {
			isa = PBXGroup;
			children = (
				EB32FCE213481CEC0007A5C3 /* ImageExplorerIcon.png */,
				EB32FCE313481CEC0007A5C3 /* ImageExplorerIcon@2x.png */,
				EB32FCDE134817040007A5C3 /* FontExplorerIcon.png */,
				EB32FCDF134817040007A5C3 /* FontExplorerIcon@2x.png */,
			);
			path = images;
			sourceTree = "<group>";
		};
		EB7B00E913480A6000758F36 = {
			isa = PBXGroup;
			children = (
				EB32FCE613481F710007A5C3 /* QuartzCore.framework */,
				EB7B00FE13480A6000758F36 /* DebuggingApp */,
				EB7B012413480A6000758F36 /* DebuggingAppTests */,
				EB7B00F713480A6000758F36 /* Frameworks */,
				EB7B00F513480A6000758F36 /* Products */,
			);
			sourceTree = "<group>";
		};
		EB7B00F513480A6000758F36 /* Products */ = {
			isa = PBXGroup;
			children = (
				EB7B00F413480A6000758F36 /* DebuggingApp.app */,
				EB7B011E13480A6000758F36 /* DebuggingAppTests.octest */,
			);
			name = Products;
			sourceTree = "<group>";
		};
		EB7B00F713480A6000758F36 /* Frameworks */ = {
			isa = PBXGroup;
			children = (
				EB7B00F813480A6000758F36 /* UIKit.framework */,
				EB7B00FA13480A6000758F36 /* Foundation.framework */,
				EB7B00FC13480A6000758F36 /* CoreGraphics.framework */,
			);
			name = Frameworks;
			sourceTree = "<group>";
		};
		EB7B00FE13480A6000758F36 /* DebuggingApp */ = {
			isa = PBXGroup;
			children = (
				EB7B00FF13480A6000758F36 /* ApplicationMain */,
				EB7B015313480C3F00758F36 /* Utility */,
				EB7B015713480C4E00758F36 /* FontExplorer */,
				EB7B016313480C4E00758F36 /* ImageExplorer */,
			);
			path = DebuggingApp;
			sourceTree = "<group>";
		};
		EB7B00FF13480A6000758F36 /* ApplicationMain */ = {
			isa = PBXGroup;
			children = (
				EB32FCDD134817040007A5C3 /* images */,
				EB7B010013480A6000758F36 /* DebuggingApp-Info.plist */,
				EB7B010113480A6000758F36 /* InfoPlist.strings */,
				EB7B010413480A6000758F36 /* DebuggingApp-Prefix.pch */,
				EB7B010513480A6000758F36 /* main.m */,
				EB7B010713480A6000758F36 /* DebuggingAppAppDelegate.h */,
				EB7B010813480A6000758F36 /* DebuggingAppAppDelegate.m */,
				EB7B010A13480A6000758F36 /* MainWindow.xib */,
			);
			name = ApplicationMain;
			sourceTree = "<group>";
		};
		EB7B012413480A6000758F36 /* DebuggingAppTests */ = {
			isa = PBXGroup;
			children = (
				EB7B012B13480A6000758F36 /* DebuggingAppTests.h */,
				EB7B012D13480A6000758F36 /* DebuggingAppTests.m */,
				EB7B012513480A6000758F36 /* Supporting Files */,
			);
			path = DebuggingAppTests;
			sourceTree = "<group>";
		};
		EB7B012513480A6000758F36 /* Supporting Files */ = {
			isa = PBXGroup;
			children = (
				EB7B012613480A6000758F36 /* DebuggingAppTests-Info.plist */,
				EB7B012713480A6000758F36 /* InfoPlist.strings */,
				EB7B012A13480A6000758F36 /* DebuggingAppTests-Prefix.pch */,
			);
			name = "Supporting Files";
			sourceTree = "<group>";
		};
		EB7B015313480C3F00758F36 /* Utility */ = {
			isa = PBXGroup;
			children = (
				EB7B015413480C3F00758F36 /* UITableViewCellAdditions.h */,
				EB7B015513480C3F00758F36 /* UITableViewCellAdditions.m */,
			);
			path = Utility;
			sourceTree = "<group>";
		};
		EB7B015713480C4E00758F36 /* FontExplorer */ = {
			isa = PBXGroup;
			children = (
				EB7B015813480C4E00758F36 /* DAChooseFontTableView.xib */,
				EB7B015913480C4E00758F36 /* DAChooseFontTableViewController.h */,
				EB7B015A13480C4E00758F36 /* DAChooseFontTableViewController.m */,
				EB7B015B13480C4E00758F36 /* DAMainFontExplorer.h */,
				EB7B015C13480C4E00758F36 /* DAMainFontExplorer.m */,
				EB7B015D13480C4E00758F36 /* DAMainFontExplorer.xib */,
				EB7B015E13480C4E00758F36 /* DAPossibleFonts.h */,
				EB7B015F13480C4E00758F36 /* DAPossibleFonts.m */,
				EB7B016013480C4E00758F36 /* FontSizeCell.h */,
				EB7B016113480C4E00758F36 /* FontSizeCell.m */,
				EB7B016213480C4E00758F36 /* FontSizeCell.xib */,
			);
			path = FontExplorer;
			sourceTree = "<group>";
		};
		EB7B016313480C4E00758F36 /* ImageExplorer */ = {
			isa = PBXGroup;
			children = (
				EB32FCD3134812CE0007A5C3 /* images */,
				EB7B016413480C4E00758F36 /* DAMainImageExplorer.h */,
				EB7B016513480C4E00758F36 /* DAMainImageExplorer.m */,
				EB7B016613480C4E00758F36 /* DAMainImageExplorer.xib */,
				EB42823D1348F2C100A0770C /* DAFullScreenImageViewController.h */,
				EB42823E1348F2C100A0770C /* DAFullScreenImageViewController.m */,
				EB42823F1348F2C100A0770C /* DAFullScreenImageView.xib */,
			);
			path = ImageExplorer;
			sourceTree = "<group>";
		};
/* End PBXGroup section */

/* Begin PBXNativeTarget section */
		EB7B00F313480A6000758F36 /* DebuggingApp */ = {
			isa = PBXNativeTarget;
			buildConfigurationList = EB7B013113480A6000758F36 /* Build configuration list for PBXNativeTarget "DebuggingApp" */;
			buildPhases = (
				EB7B00F013480A6000758F36 /* Sources */,
				EB7B00F113480A6000758F36 /* Frameworks */,
				EB7B00F213480A6000758F36 /* Resources */,
			);
			buildRules = (
			);
			dependencies = (
			);
			name = DebuggingApp;
			productName = DebuggingApp;
			productReference = EB7B00F413480A6000758F36 /* DebuggingApp.app */;
			productType = "com.apple.product-type.application";
		};
		EB7B011D13480A6000758F36 /* DebuggingAppTests */ = {
			isa = PBXNativeTarget;
			buildConfigurationList = EB7B013413480A6000758F36 /* Build configuration list for PBXNativeTarget "DebuggingAppTests" */;
			buildPhases = (
				EB7B011913480A6000758F36 /* Sources */,
				EB7B011A13480A6000758F36 /* Frameworks */,
				EB7B011B13480A6000758F36 /* Resources */,
				EB7B011C13480A6000758F36 /* ShellScript */,
			);
			buildRules = (
			);
			dependencies = (
				EB7B012313480A6000758F36 /* PBXTargetDependency */,
			);
			name = DebuggingAppTests;
			productName = DebuggingAppTests;
			productReference = EB7B011E13480A6000758F36 /* DebuggingAppTests.octest */;
			productType = "com.apple.product-type.bundle";
		};
/* End PBXNativeTarget section */

/* Begin PBXProject section */
		EB7B00EB13480A6000758F36 /* Project object */ = {
			isa = PBXProject;
			attributes = {
				ORGANIZATIONNAME = "KiGi Software";
			};
			buildConfigurationList = EB7B00EE13480A6000758F36 /* Build configuration list for PBXProject "DebuggingApp" */;
			compatibilityVersion = "Xcode 3.2";
			developmentRegion = English;
			hasScannedForEncodings = 0;
			knownRegions = (
				en,
			);
			mainGroup = EB7B00E913480A6000758F36;
			productRefGroup = EB7B00F513480A6000758F36 /* Products */;
			projectDirPath = "";
			projectRoot = "";
			targets = (
				EB7B00F313480A6000758F36 /* DebuggingApp */,
				EB7B011D13480A6000758F36 /* DebuggingAppTests */,
			);
		};
/* End PBXProject section */

/* Begin PBXResourcesBuildPhase section */
		EB7B00F213480A6000758F36 /* Resources */ = {
			isa = PBXResourcesBuildPhase;
			buildActionMask = 2147483647;
			files = (
				EB7B010313480A6000758F36 /* InfoPlist.strings in Resources */,
				EB7B010C13480A6000758F36 /* MainWindow.xib in Resources */,
				EB7B016713480C4E00758F36 /* DAChooseFontTableView.xib in Resources */,
				EB7B016A13480C4E00758F36 /* DAMainFontExplorer.xib in Resources */,
				EB7B016D13480C4E00758F36 /* FontSizeCell.xib in Resources */,
				EB7B016F13480C4E00758F36 /* DAMainImageExplorer.xib in Resources */,
				EB32FCD8134812CE0007A5C3 /* Brown.jpg in Resources */,
				EB32FCD9134812CE0007A5C3 /* Green.jpg in Resources */,
				EB32FCDA134812CE0007A5C3 /* Grey.jpg in Resources */,
				EB32FCDB134812CE0007A5C3 /* Red.jpg in Resources */,
				EB32FCE0134817040007A5C3 /* FontExplorerIcon.png in Resources */,
				EB32FCE1134817040007A5C3 /* FontExplorerIcon@2x.png in Resources */,
				EB32FCE413481CEC0007A5C3 /* ImageExplorerIcon.png in Resources */,
				EB32FCE513481CEC0007A5C3 /* ImageExplorerIcon@2x.png in Resources */,
				EB4282411348F2C100A0770C /* DAFullScreenImageView.xib in Resources */,
			);
			runOnlyForDeploymentPostprocessing = 0;
		};
		EB7B011B13480A6000758F36 /* Resources */ = {
			isa = PBXResourcesBuildPhase;
			buildActionMask = 2147483647;
			files = (
				EB7B012913480A6000758F36 /* InfoPlist.strings in Resources */,
				EB7B012C13480A6000758F36 /* DebuggingAppTests.h in Resources */,
			);
			runOnlyForDeploymentPostprocessing = 0;
		};
/* End PBXResourcesBuildPhase section */

/* Begin PBXShellScriptBuildPhase section */
		EB7B011C13480A6000758F36 /* ShellScript */ = {
			isa = PBXShellScriptBuildPhase;
			buildActionMask = 2147483647;
			files = (
			);
			inputPaths = (
			);
			outputPaths = (
			);
			runOnlyForDeploymentPostprocessing = 0;
			shellPath = /bin/sh;
			shellScript = "# Run the unit tests in this test bundle.\n\"${SYSTEM_DEVELOPER_DIR}/Tools/RunUnitTests\"\n";
		};
/* End PBXShellScriptBuildPhase section */

/* Begin PBXSourcesBuildPhase section */
		EB7B00F013480A6000758F36 /* Sources */ = {
			isa = PBXSourcesBuildPhase;
			buildActionMask = 2147483647;
			files = (
				EB7B010613480A6000758F36 /* main.m in Sources */,
				EB7B010913480A6000758F36 /* DebuggingAppAppDelegate.m in Sources */,
				EB7B015613480C3F00758F36 /* UITableViewCellAdditions.m in Sources */,
				EB7B016813480C4E00758F36 /* DAChooseFontTableViewController.m in Sources */,
				EB7B016913480C4E00758F36 /* DAMainFontExplorer.m in Sources */,
				EB7B016B13480C4E00758F36 /* DAPossibleFonts.m in Sources */,
				EB7B016C13480C4E00758F36 /* FontSizeCell.m in Sources */,
				EB7B016E13480C4E00758F36 /* DAMainImageExplorer.m in Sources */,
				EB4282401348F2C100A0770C /* DAFullScreenImageViewController.m in Sources */,
			);
			runOnlyForDeploymentPostprocessing = 0;
		};
		EB7B011913480A6000758F36 /* Sources */ = {
			isa = PBXSourcesBuildPhase;
			buildActionMask = 2147483647;
			files = (
				EB7B012E13480A6000758F36 /* DebuggingAppTests.m in Sources */,
			);
			runOnlyForDeploymentPostprocessing = 0;
		};
/* End PBXSourcesBuildPhase section */

/* Begin PBXTargetDependency section */
		EB7B012313480A6000758F36 /* PBXTargetDependency */ = {
			isa = PBXTargetDependency;
			target = EB7B00F313480A6000758F36 /* DebuggingApp */;
			targetProxy = EB7B012213480A6000758F36 /* PBXContainerItemProxy */;
		};
/* End PBXTargetDependency section */

/* Begin PBXVariantGroup section */
		EB7B010113480A6000758F36 /* InfoPlist.strings */ = {
			isa = PBXVariantGroup;
			children = (
				EB7B010213480A6000758F36 /* en */,
			);
			name = InfoPlist.strings;
			sourceTree = "<group>";
		};
		EB7B010A13480A6000758F36 /* MainWindow.xib */ = {
			isa = PBXVariantGroup;
			children = (
				EB7B010B13480A6000758F36 /* en */,
			);
			name = MainWindow.xib;
			sourceTree = "<group>";
		};
		EB7B012713480A6000758F36 /* InfoPlist.strings */ = {
			isa = PBXVariantGroup;
			children = (
				EB7B012813480A6000758F36 /* en */,
			);
			name = InfoPlist.strings;
			sourceTree = "<group>";
		};
/* End PBXVariantGroup section */

/* Begin XCBuildConfiguration section */
		EB7B012F13480A6000758F36 /* Debug */ = {
			isa = XCBuildConfiguration;
			buildSettings = {
				ARCHS = "$(ARCHS_STANDARD_32_BIT)";
				"CODE_SIGN_IDENTITY[sdk=iphoneos*]" = "iPhone Developer";
				GCC_C_LANGUAGE_STANDARD = gnu99;
				GCC_OPTIMIZATION_LEVEL = 0;
				GCC_PREPROCESSOR_DEFINITIONS = DEBUG;
				GCC_SYMBOLS_PRIVATE_EXTERN = NO;
				GCC_VERSION = com.apple.compilers.llvmgcc42;
				GCC_WARN_ABOUT_RETURN_TYPE = YES;
				GCC_WARN_UNUSED_VARIABLE = YES;
				IPHONEOS_DEPLOYMENT_TARGET = 4.3;
				RUN_CLANG_STATIC_ANALYZER = NO;
				SDKROOT = iphoneos;
			};
			name = Debug;
		};
		EB7B013013480A6000758F36 /* Release */ = {
			isa = XCBuildConfiguration;
			buildSettings = {
				ARCHS = "$(ARCHS_STANDARD_32_BIT)";
				"CODE_SIGN_IDENTITY[sdk=iphoneos*]" = "iPhone Developer";
				GCC_C_LANGUAGE_STANDARD = gnu99;
				GCC_VERSION = com.apple.compilers.llvmgcc42;
				GCC_WARN_ABOUT_RETURN_TYPE = YES;
				GCC_WARN_UNUSED_VARIABLE = YES;
				IPHONEOS_DEPLOYMENT_TARGET = 4.3;
				OTHER_CFLAGS = "-DNS_BLOCK_ASSERTIONS=1";
				RUN_CLANG_STATIC_ANALYZER = NO;
				SDKROOT = iphoneos;
			};
			name = Release;
		};
		EB7B013213480A6000758F36 /* Debug */ = {
			isa = XCBuildConfiguration;
			buildSettings = {
				ALWAYS_SEARCH_USER_PATHS = NO;
				COPY_PHASE_STRIP = NO;
				GCC_DYNAMIC_NO_PIC = NO;
				GCC_PRECOMPILE_PREFIX_HEADER = YES;
				GCC_PREFIX_HEADER = "DebuggingApp/DebuggingApp-Prefix.pch";
				INFOPLIST_FILE = "DebuggingApp/DebuggingApp-Info.plist";
				PRODUCT_NAME = "$(TARGET_NAME)";
				WRAPPER_EXTENSION = app;
			};
			name = Debug;
		};
		EB7B013313480A6000758F36 /* Release */ = {
			isa = XCBuildConfiguration;
			buildSettings = {
				ALWAYS_SEARCH_USER_PATHS = NO;
				COPY_PHASE_STRIP = YES;
				GCC_PRECOMPILE_PREFIX_HEADER = YES;
				GCC_PREFIX_HEADER = "DebuggingApp/DebuggingApp-Prefix.pch";
				INFOPLIST_FILE = "DebuggingApp/DebuggingApp-Info.plist";
				PRODUCT_NAME = "$(TARGET_NAME)";
				VALIDATE_PRODUCT = YES;
				WRAPPER_EXTENSION = app;
			};
			name = Release;
		};
		EB7B013513480A6000758F36 /* Debug */ = {
			isa = XCBuildConfiguration;
			buildSettings = {
				ALWAYS_SEARCH_USER_PATHS = NO;
				BUNDLE_LOADER = "$(BUILT_PRODUCTS_DIR)/DebuggingApp.app/DebuggingApp";
				FRAMEWORK_SEARCH_PATHS = (
					"$(SDKROOT)/Developer/Library/Frameworks",
					"$(DEVELOPER_LIBRARY_DIR)/Frameworks",
				);
				GCC_PRECOMPILE_PREFIX_HEADER = YES;
				GCC_PREFIX_HEADER = "DebuggingAppTests/DebuggingAppTests-Prefix.pch";
				INFOPLIST_FILE = "DebuggingAppTests/DebuggingAppTests-Info.plist";
				OTHER_LDFLAGS = (
					"-framework",
					SenTestingKit,
				);
				PRODUCT_NAME = "$(TARGET_NAME)";
				TEST_HOST = "$(BUNDLE_LOADER)";
				WRAPPER_EXTENSION = octest;
			};
			name = Debug;
		};
		EB7B013613480A6000758F36 /* Release */ = {
			isa = XCBuildConfiguration;
			buildSettings = {
				ALWAYS_SEARCH_USER_PATHS = NO;
				BUNDLE_LOADER = "$(BUILT_PRODUCTS_DIR)/DebuggingApp.app/DebuggingApp";
				FRAMEWORK_SEARCH_PATHS = (
					"$(SDKROOT)/Developer/Library/Frameworks",
					"$(DEVELOPER_LIBRARY_DIR)/Frameworks",
				);
				GCC_PRECOMPILE_PREFIX_HEADER = YES;
				GCC_PREFIX_HEADER = "DebuggingAppTests/DebuggingAppTests-Prefix.pch";
				INFOPLIST_FILE = "DebuggingAppTests/DebuggingAppTests-Info.plist";
				OTHER_LDFLAGS = (
					"-framework",
					SenTestingKit,
				);
				PRODUCT_NAME = "$(TARGET_NAME)";
				TEST_HOST = "$(BUNDLE_LOADER)";
				WRAPPER_EXTENSION = octest;
			};
			name = Release;
		};
/* End XCBuildConfiguration section */

/* Begin XCConfigurationList section */
		EB7B00EE13480A6000758F36 /* Build configuration list for PBXProject "DebuggingApp" */ = {
			isa = XCConfigurationList;
			buildConfigurations = (
				EB7B012F13480A6000758F36 /* Debug */,
				EB7B013013480A6000758F36 /* Release */,
			);
			defaultConfigurationIsVisible = 0;
			defaultConfigurationName = Release;
		};
		EB7B013113480A6000758F36 /* Build configuration list for PBXNativeTarget "DebuggingApp" */ = {
			isa = XCConfigurationList;
			buildConfigurations = (
				EB7B013213480A6000758F36 /* Debug */,
				EB7B013313480A6000758F36 /* Release */,
			);
			defaultConfigurationIsVisible = 0;
			defaultConfigurationName = Release;
		};
		EB7B013413480A6000758F36 /* Build configuration list for PBXNativeTarget "DebuggingAppTests" */ = {
			isa = XCConfigurationList;
			buildConfigurations = (
				EB7B013513480A6000758F36 /* Debug */,
				EB7B013613480A6000758F36 /* Release */,
			);
			defaultConfigurationIsVisible = 0;
			defaultConfigurationName = Release;
		};
/* End XCConfigurationList section */
	};
	rootObject = EB7B00EB13480A6000758F36 /* Project object */;
}
