// !$*UTF8*$!
{
	archiveVersion = 1;
	classes = {
	};
	objectVersion = 46;
	objects = {

/* Begin PBXBuildFile section */
		EB35A51E17DB9A070031C23C /* KGStore.m in Sources */ = {isa = PBXBuildFile; fileRef = EB35A51B17DB9A070031C23C /* KGStore.m */; };
		EB35A51F17DB9A070031C23C /* NSManagedObject+KGStore.m in Sources */ = {isa = PBXBuildFile; fileRef = EB35A51D17DB9A070031C23C /* NSManagedObject+KGStore.m */; };
		EB35A52417DBA6780031C23C /* mystic_basin_trail.gpx in Resources */ = {isa = PBXBuildFile; fileRef = EB35A52317DBA6780031C23C /* mystic_basin_trail.gpx */; };
		EB35A52817DBB9BF0031C23C /* UtahStGeorge.gpx in Resources */ = {isa = PBXBuildFile; fileRef = EB35A52717DBB9BF0031C23C /* UtahStGeorge.gpx */; };
		EB9D603C17D438F500ADE1D2 /* UIKit.framework in Frameworks */ = {isa = PBXBuildFile; fileRef = EB9D603B17D438F500ADE1D2 /* UIKit.framework */; };
		EB9D603E17D438F500ADE1D2 /* Foundation.framework in Frameworks */ = {isa = PBXBuildFile; fileRef = EB9D603D17D438F500ADE1D2 /* Foundation.framework */; };
		EB9D604017D438F500ADE1D2 /* CoreGraphics.framework in Frameworks */ = {isa = PBXBuildFile; fileRef = EB9D603F17D438F500ADE1D2 /* CoreGraphics.framework */; };
		EB9D624E17D43FFD00ADE1D2 /* _KGFlickrItem.m in Sources */ = {isa = PBXBuildFile; fileRef = EB9D607517D43FFB00ADE1D2 /* _KGFlickrItem.m */; };
		EB9D624F17D43FFD00ADE1D2 /* _KGFlickrMedia.m in Sources */ = {isa = PBXBuildFile; fileRef = EB9D607717D43FFB00ADE1D2 /* _KGFlickrMedia.m */; };
		EB9D625017D43FFD00ADE1D2 /* _KGFlickrTag.m in Sources */ = {isa = PBXBuildFile; fileRef = EB9D607917D43FFB00ADE1D2 /* _KGFlickrTag.m */; };
		EB9D625117D43FFD00ADE1D2 /* _KGLocationSaveItem.m in Sources */ = {isa = PBXBuildFile; fileRef = EB9D607B17D43FFB00ADE1D2 /* _KGLocationSaveItem.m */; };
		EB9D625217D43FFD00ADE1D2 /* KGFlickrItem.m in Sources */ = {isa = PBXBuildFile; fileRef = EB9D607D17D43FFB00ADE1D2 /* KGFlickrItem.m */; };
		EB9D625317D43FFD00ADE1D2 /* KGFlickrMedia.m in Sources */ = {isa = PBXBuildFile; fileRef = EB9D607F17D43FFB00ADE1D2 /* KGFlickrMedia.m */; };
		EB9D625417D43FFD00ADE1D2 /* KGFlickrTag.m in Sources */ = {isa = PBXBuildFile; fileRef = EB9D608117D43FFB00ADE1D2 /* KGFlickrTag.m */; };
		EB9D625517D43FFD00ADE1D2 /* KGLocationSaveItem.m in Sources */ = {isa = PBXBuildFile; fileRef = EB9D608317D43FFB00ADE1D2 /* KGLocationSaveItem.m */; };
		EB9D625617D43FFD00ADE1D2 /* DebuggingModel.xcdatamodeld in Sources */ = {isa = PBXBuildFile; fileRef = EB9D608417D43FFB00ADE1D2 /* DebuggingModel.xcdatamodeld */; };
		EB9D625817D43FFD00ADE1D2 /* runMogenerator.sh in Resources */ = {isa = PBXBuildFile; fileRef = EB9D608917D43FFB00ADE1D2 /* runMogenerator.sh */; };
		EB9D625A17D43FFD00ADE1D2 /* Default-568h@2x.png in Resources */ = {isa = PBXBuildFile; fileRef = EB9D608C17D43FFB00ADE1D2 /* Default-568h@2x.png */; };
		EB9D625B17D43FFD00ADE1D2 /* Default.png in Resources */ = {isa = PBXBuildFile; fileRef = EB9D608D17D43FFB00ADE1D2 /* Default.png */; };
		EB9D625C17D43FFD00ADE1D2 /* Default@2x.png in Resources */ = {isa = PBXBuildFile; fileRef = EB9D608E17D43FFB00ADE1D2 /* Default@2x.png */; };
		EB9D625D17D43FFD00ADE1D2 /* InfoPlist.strings in Resources */ = {isa = PBXBuildFile; fileRef = EB9D609017D43FFB00ADE1D2 /* InfoPlist.strings */; };
		EB9D625E17D43FFD00ADE1D2 /* KGFlickrListVC_iPad.xib in Resources */ = {isa = PBXBuildFile; fileRef = EB9D609317D43FFB00ADE1D2 /* KGFlickrListVC_iPad.xib */; };
		EB9D625F17D43FFD00ADE1D2 /* KGMapSelectionsVC_iPad.xib in Resources */ = {isa = PBXBuildFile; fileRef = EB9D609417D43FFB00ADE1D2 /* KGMapSelectionsVC_iPad.xib */; };
		EB9D626017D43FFD00ADE1D2 /* KGFlickrListVC_iPhone.xib in Resources */ = {isa = PBXBuildFile; fileRef = EB9D609617D43FFB00ADE1D2 /* KGFlickrListVC_iPhone.xib */; };
		EB9D626117D43FFD00ADE1D2 /* KGMapSelectionsVC_iPhone.xib in Resources */ = {isa = PBXBuildFile; fileRef = EB9D609717D43FFB00ADE1D2 /* KGMapSelectionsVC_iPhone.xib */; };
		EB9D626217D43FFD00ADE1D2 /* KGFlickrItemCell.xib in Resources */ = {isa = PBXBuildFile; fileRef = EB9D609817D43FFB00ADE1D2 /* KGFlickrItemCell.xib */; };
		EB9D626317D43FFD00ADE1D2 /* main.m in Sources */ = {isa = PBXBuildFile; fileRef = EB9D609917D43FFB00ADE1D2 /* main.m */; };
		EB9D626417D43FFD00ADE1D2 /* KGFlickrMasterRequest.m in Sources */ = {isa = PBXBuildFile; fileRef = EB9D609C17D43FFC00ADE1D2 /* KGFlickrMasterRequest.m */; };
		EB9D626517D43FFD00ADE1D2 /* KGFriendNewPhotosRequest.m in Sources */ = {isa = PBXBuildFile; fileRef = EB9D609E17D43FFC00ADE1D2 /* KGFriendNewPhotosRequest.m */; };
		EB9D626617D43FFD00ADE1D2 /* KGRandomNewPhotosRequest.m in Sources */ = {isa = PBXBuildFile; fileRef = EB9D60A017D43FFC00ADE1D2 /* KGRandomNewPhotosRequest.m */; };
		EB9D626717D43FFD00ADE1D2 /* DAChooseFontTableView.xib in Resources */ = {isa = PBXBuildFile; fileRef = EB9D60A317D43FFC00ADE1D2 /* DAChooseFontTableView.xib */; };
		EB9D626817D43FFD00ADE1D2 /* DAChooseFontTableViewController.m in Sources */ = {isa = PBXBuildFile; fileRef = EB9D60A517D43FFC00ADE1D2 /* DAChooseFontTableViewController.m */; settings = {COMPILER_FLAGS = "-fno-objc-arc"; }; };
		EB9D626917D43FFD00ADE1D2 /* DAMainFontExplorer.m in Sources */ = {isa = PBXBuildFile; fileRef = EB9D60A717D43FFC00ADE1D2 /* DAMainFontExplorer.m */; settings = {COMPILER_FLAGS = "-fno-objc-arc"; }; };
		EB9D626A17D43FFD00ADE1D2 /* DAMainFontExplorer.xib in Resources */ = {isa = PBXBuildFile; fileRef = EB9D60A817D43FFC00ADE1D2 /* DAMainFontExplorer.xib */; };
		EB9D626B17D43FFD00ADE1D2 /* DAPossibleFonts.m in Sources */ = {isa = PBXBuildFile; fileRef = EB9D60AA17D43FFC00ADE1D2 /* DAPossibleFonts.m */; settings = {COMPILER_FLAGS = "-fno-objc-arc"; }; };
		EB9D626C17D43FFD00ADE1D2 /* FontSizeCell.m in Sources */ = {isa = PBXBuildFile; fileRef = EB9D60AC17D43FFC00ADE1D2 /* FontSizeCell.m */; settings = {COMPILER_FLAGS = "-fno-objc-arc"; }; };
		EB9D626D17D43FFD00ADE1D2 /* FontSizeCell.xib in Resources */ = {isa = PBXBuildFile; fileRef = EB9D60AD17D43FFC00ADE1D2 /* FontSizeCell.xib */; };
		EB9D626E17D43FFD00ADE1D2 /* Crosshairs-3456-jhnri4.png in Resources */ = {isa = PBXBuildFile; fileRef = EB9D60AF17D43FFC00ADE1D2 /* Crosshairs-3456-jhnri4.png */; };
		EB9D626F17D43FFD00ADE1D2 /* first.png in Resources */ = {isa = PBXBuildFile; fileRef = EB9D60B017D43FFC00ADE1D2 /* first.png */; };
		EB9D627017D43FFD00ADE1D2 /* first@2x.png in Resources */ = {isa = PBXBuildFile; fileRef = EB9D60B117D43FFC00ADE1D2 /* first@2x.png */; };
		EB9D627117D43FFD00ADE1D2 /* second.png in Resources */ = {isa = PBXBuildFile; fileRef = EB9D60B217D43FFC00ADE1D2 /* second.png */; };
		EB9D627217D43FFD00ADE1D2 /* second@2x.png in Resources */ = {isa = PBXBuildFile; fileRef = EB9D60B317D43FFC00ADE1D2 /* second@2x.png */; };
		EB9D627317D43FFD00ADE1D2 /* third.png in Resources */ = {isa = PBXBuildFile; fileRef = EB9D60B417D43FFC00ADE1D2 /* third.png */; };
		EB9D627417D43FFD00ADE1D2 /* third@2x.png in Resources */ = {isa = PBXBuildFile; fileRef = EB9D60B517D43FFC00ADE1D2 /* third@2x.png */; };
		EB9D627517D43FFD00ADE1D2 /* KGAppDelegate.m in Sources */ = {isa = PBXBuildFile; fileRef = EB9D60B717D43FFC00ADE1D2 /* KGAppDelegate.m */; };
		EB9D627617D43FFD00ADE1D2 /* KGFlickrItemCell.m in Sources */ = {isa = PBXBuildFile; fileRef = EB9D60B917D43FFC00ADE1D2 /* KGFlickrItemCell.m */; };
		EB9D627717D43FFD00ADE1D2 /* KGFlickrListVC.m in Sources */ = {isa = PBXBuildFile; fileRef = EB9D60BB17D43FFC00ADE1D2 /* KGFlickrListVC.m */; };
		EB9D627817D43FFD00ADE1D2 /* KGInspectFlickrItemVC.m in Sources */ = {isa = PBXBuildFile; fileRef = EB9D60BD17D43FFC00ADE1D2 /* KGInspectFlickrItemVC.m */; };
		EB9D627917D43FFD00ADE1D2 /* KGInspectFlickrItemVC.xib in Resources */ = {isa = PBXBuildFile; fileRef = EB9D60BE17D43FFC00ADE1D2 /* KGInspectFlickrItemVC.xib */; };
		EB9D627A17D43FFD00ADE1D2 /* KGMapSelectionsVC.m in Sources */ = {isa = PBXBuildFile; fileRef = EB9D60C017D43FFC00ADE1D2 /* KGMapSelectionsVC.m */; };
		EB9D627B17D43FFD00ADE1D2 /* UITableViewCellAdditions.m in Sources */ = {isa = PBXBuildFile; fileRef = EB9D60C217D43FFC00ADE1D2 /* UITableViewCellAdditions.m */; };
		EB9D634A17D4404900ADE1D2 /* libicucore.dylib in Frameworks */ = {isa = PBXBuildFile; fileRef = EB9D634917D4404900ADE1D2 /* libicucore.dylib */; };
		EB9D634C17D4404F00ADE1D2 /* MapKit.framework in Frameworks */ = {isa = PBXBuildFile; fileRef = EB9D634B17D4404F00ADE1D2 /* MapKit.framework */; };
		EB9D634E17D4405600ADE1D2 /* SystemConfiguration.framework in Frameworks */ = {isa = PBXBuildFile; fileRef = EB9D634D17D4405600ADE1D2 /* SystemConfiguration.framework */; };
		EB9D635017D4405D00ADE1D2 /* CFNetwork.framework in Frameworks */ = {isa = PBXBuildFile; fileRef = EB9D634F17D4405D00ADE1D2 /* CFNetwork.framework */; };
		EB9D635217D4406400ADE1D2 /* Security.framework in Frameworks */ = {isa = PBXBuildFile; fileRef = EB9D635117D4406400ADE1D2 /* Security.framework */; };
		EB9D635417D4406800ADE1D2 /* QuartzCore.framework in Frameworks */ = {isa = PBXBuildFile; fileRef = EB9D635317D4406800ADE1D2 /* QuartzCore.framework */; };
		EB9D635617D4406F00ADE1D2 /* CoreData.framework in Frameworks */ = {isa = PBXBuildFile; fileRef = EB9D635517D4406F00ADE1D2 /* CoreData.framework */; };
		EB9D636D17D4435900ADE1D2 /* AFHTTPClient.m in Sources */ = {isa = PBXBuildFile; fileRef = EB9D635917D4435900ADE1D2 /* AFHTTPClient.m */; settings = {COMPILER_FLAGS = "-fno-objc-arc"; }; };
		EB9D636E17D4435900ADE1D2 /* AFHTTPRequestOperation.m in Sources */ = {isa = PBXBuildFile; fileRef = EB9D635B17D4435900ADE1D2 /* AFHTTPRequestOperation.m */; settings = {COMPILER_FLAGS = "-fno-objc-arc"; }; };
		EB9D636F17D4435900ADE1D2 /* AFImageRequestOperation.m in Sources */ = {isa = PBXBuildFile; fileRef = EB9D635D17D4435900ADE1D2 /* AFImageRequestOperation.m */; settings = {COMPILER_FLAGS = "-fno-objc-arc"; }; };
		EB9D637017D4435900ADE1D2 /* AFJSONRequestOperation.m in Sources */ = {isa = PBXBuildFile; fileRef = EB9D635F17D4435900ADE1D2 /* AFJSONRequestOperation.m */; settings = {COMPILER_FLAGS = "-fno-objc-arc"; }; };
		EB9D637117D4435900ADE1D2 /* AFJSONUtilities.m in Sources */ = {isa = PBXBuildFile; fileRef = EB9D636117D4435900ADE1D2 /* AFJSONUtilities.m */; settings = {COMPILER_FLAGS = "-fno-objc-arc"; }; };
		EB9D637217D4435900ADE1D2 /* AFNetworkActivityIndicatorManager.m in Sources */ = {isa = PBXBuildFile; fileRef = EB9D636317D4435900ADE1D2 /* AFNetworkActivityIndicatorManager.m */; settings = {COMPILER_FLAGS = "-fno-objc-arc"; }; };
		EB9D637317D4435900ADE1D2 /* AFPropertyListRequestOperation.m in Sources */ = {isa = PBXBuildFile; fileRef = EB9D636617D4435900ADE1D2 /* AFPropertyListRequestOperation.m */; settings = {COMPILER_FLAGS = "-fno-objc-arc"; }; };
		EB9D637417D4435900ADE1D2 /* AFURLConnectionOperation.m in Sources */ = {isa = PBXBuildFile; fileRef = EB9D636817D4435900ADE1D2 /* AFURLConnectionOperation.m */; settings = {COMPILER_FLAGS = "-fno-objc-arc"; }; };
		EB9D637517D4435900ADE1D2 /* AFXMLRequestOperation.m in Sources */ = {isa = PBXBuildFile; fileRef = EB9D636A17D4435900ADE1D2 /* AFXMLRequestOperation.m */; settings = {COMPILER_FLAGS = "-fno-objc-arc"; }; };
		EB9D637617D4435900ADE1D2 /* UIImageView+AFNetworking.m in Sources */ = {isa = PBXBuildFile; fileRef = EB9D636C17D4435900ADE1D2 /* UIImageView+AFNetworking.m */; settings = {COMPILER_FLAGS = "-fno-objc-arc"; }; };
		EB9D638F17D4436100ADE1D2 /* NSArray+KGConversions.m in Sources */ = {isa = PBXBuildFile; fileRef = EB9D637A17D4436100ADE1D2 /* NSArray+KGConversions.m */; };
		EB9D639017D4436100ADE1D2 /* NSDictionary+KGSafeExtract.m in Sources */ = {isa = PBXBuildFile; fileRef = EB9D637C17D4436100ADE1D2 /* NSDictionary+KGSafeExtract.m */; };
		EB9D639117D4436100ADE1D2 /* NSMutableDictionary+KGGroupFlagDict.m in Sources */ = {isa = PBXBuildFile; fileRef = EB9D637E17D4436100ADE1D2 /* NSMutableDictionary+KGGroupFlagDict.m */; };
		EB9D639217D4436100ADE1D2 /* NSNull+ActAsNil.m in Sources */ = {isa = PBXBuildFile; fileRef = EB9D638017D4436100ADE1D2 /* NSNull+ActAsNil.m */; };
		EB9D639317D4436100ADE1D2 /* NSString+KGStringAdditions.m in Sources */ = {isa = PBXBuildFile; fileRef = EB9D638217D4436100ADE1D2 /* NSString+KGStringAdditions.m */; };
		EB9D639417D4436100ADE1D2 /* KGCoreDataObject.m in Sources */ = {isa = PBXBuildFile; fileRef = EB9D638417D4436100ADE1D2 /* KGCoreDataObject.m */; };
		EB9D639517D4436100ADE1D2 /* KGDataObject.m in Sources */ = {isa = PBXBuildFile; fileRef = EB9D638617D4436100ADE1D2 /* KGDataObject.m */; };
		EB9D639617D4436100ADE1D2 /* NSFileManager+KGPaths.m in Sources */ = {isa = PBXBuildFile; fileRef = EB9D638917D4436100ADE1D2 /* NSFileManager+KGPaths.m */; };
		EB9D639717D4436100ADE1D2 /* UILabel+KGSizeAdditions.m in Sources */ = {isa = PBXBuildFile; fileRef = EB9D638C17D4436100ADE1D2 /* UILabel+KGSizeAdditions.m */; };
		EB9D639817D4436100ADE1D2 /* UIViewController+KGUniversalVC.m in Sources */ = {isa = PBXBuildFile; fileRef = EB9D638E17D4436100ADE1D2 /* UIViewController+KGUniversalVC.m */; };
		EB9D644817D443C500ADE1D2 /* Reachability.m in Sources */ = {isa = PBXBuildFile; fileRef = EB9D644717D443C500ADE1D2 /* Reachability.m */; };
/* End PBXBuildFile section */

/* Begin PBXFileReference section */
		EB35A51A17DB9A070031C23C /* KGStore.h */ = {isa = PBXFileReference; fileEncoding = 4; lastKnownFileType = sourcecode.c.h; path = KGStore.h; sourceTree = "<group>"; };
		EB35A51B17DB9A070031C23C /* KGStore.m */ = {isa = PBXFileReference; fileEncoding = 4; lastKnownFileType = sourcecode.c.objc; path = KGStore.m; sourceTree = "<group>"; };
		EB35A51C17DB9A070031C23C /* NSManagedObject+KGStore.h */ = {isa = PBXFileReference; fileEncoding = 4; lastKnownFileType = sourcecode.c.h; path = "NSManagedObject+KGStore.h"; sourceTree = "<group>"; };
		EB35A51D17DB9A070031C23C /* NSManagedObject+KGStore.m */ = {isa = PBXFileReference; fileEncoding = 4; lastKnownFileType = sourcecode.c.objc; path = "NSManagedObject+KGStore.m"; sourceTree = "<group>"; };
		EB35A52317DBA6780031C23C /* mystic_basin_trail.gpx */ = {isa = PBXFileReference; fileEncoding = 4; lastKnownFileType = text.xml; path = mystic_basin_trail.gpx; sourceTree = "<group>"; };
		EB35A52717DBB9BF0031C23C /* UtahStGeorge.gpx */ = {isa = PBXFileReference; fileEncoding = 4; lastKnownFileType = text.xml; path = UtahStGeorge.gpx; sourceTree = "<group>"; };
		EB9D603817D438F500ADE1D2 /* DebuggingAppV3.app */ = {isa = PBXFileReference; explicitFileType = wrapper.application; includeInIndex = 0; path = DebuggingAppV3.app; sourceTree = BUILT_PRODUCTS_DIR; };
		EB9D603B17D438F500ADE1D2 /* UIKit.framework */ = {isa = PBXFileReference; lastKnownFileType = wrapper.framework; name = UIKit.framework; path = System/Library/Frameworks/UIKit.framework; sourceTree = SDKROOT; };
		EB9D603D17D438F500ADE1D2 /* Foundation.framework */ = {isa = PBXFileReference; lastKnownFileType = wrapper.framework; name = Foundation.framework; path = System/Library/Frameworks/Foundation.framework; sourceTree = SDKROOT; };
		EB9D603F17D438F500ADE1D2 /* CoreGraphics.framework */ = {isa = PBXFileReference; lastKnownFileType = wrapper.framework; name = CoreGraphics.framework; path = System/Library/Frameworks/CoreGraphics.framework; sourceTree = SDKROOT; };
		EB9D607417D43FFB00ADE1D2 /* _KGFlickrItem.h */ = {isa = PBXFileReference; fileEncoding = 4; lastKnownFileType = sourcecode.c.h; path = _KGFlickrItem.h; sourceTree = "<group>"; };
		EB9D607517D43FFB00ADE1D2 /* _KGFlickrItem.m */ = {isa = PBXFileReference; fileEncoding = 4; lastKnownFileType = sourcecode.c.objc; path = _KGFlickrItem.m; sourceTree = "<group>"; };
		EB9D607617D43FFB00ADE1D2 /* _KGFlickrMedia.h */ = {isa = PBXFileReference; fileEncoding = 4; lastKnownFileType = sourcecode.c.h; path = _KGFlickrMedia.h; sourceTree = "<group>"; };
		EB9D607717D43FFB00ADE1D2 /* _KGFlickrMedia.m */ = {isa = PBXFileReference; fileEncoding = 4; lastKnownFileType = sourcecode.c.objc; path = _KGFlickrMedia.m; sourceTree = "<group>"; };
		EB9D607817D43FFB00ADE1D2 /* _KGFlickrTag.h */ = {isa = PBXFileReference; fileEncoding = 4; lastKnownFileType = sourcecode.c.h; path = _KGFlickrTag.h; sourceTree = "<group>"; };
		EB9D607917D43FFB00ADE1D2 /* _KGFlickrTag.m */ = {isa = PBXFileReference; fileEncoding = 4; lastKnownFileType = sourcecode.c.objc; path = _KGFlickrTag.m; sourceTree = "<group>"; };
		EB9D607A17D43FFB00ADE1D2 /* _KGLocationSaveItem.h */ = {isa = PBXFileReference; fileEncoding = 4; lastKnownFileType = sourcecode.c.h; path = _KGLocationSaveItem.h; sourceTree = "<group>"; };
		EB9D607B17D43FFB00ADE1D2 /* _KGLocationSaveItem.m */ = {isa = PBXFileReference; fileEncoding = 4; lastKnownFileType = sourcecode.c.objc; path = _KGLocationSaveItem.m; sourceTree = "<group>"; };
		EB9D607C17D43FFB00ADE1D2 /* KGFlickrItem.h */ = {isa = PBXFileReference; fileEncoding = 4; lastKnownFileType = sourcecode.c.h; path = KGFlickrItem.h; sourceTree = "<group>"; };
		EB9D607D17D43FFB00ADE1D2 /* KGFlickrItem.m */ = {isa = PBXFileReference; fileEncoding = 4; lastKnownFileType = sourcecode.c.objc; path = KGFlickrItem.m; sourceTree = "<group>"; };
		EB9D607E17D43FFB00ADE1D2 /* KGFlickrMedia.h */ = {isa = PBXFileReference; fileEncoding = 4; lastKnownFileType = sourcecode.c.h; path = KGFlickrMedia.h; sourceTree = "<group>"; };
		EB9D607F17D43FFB00ADE1D2 /* KGFlickrMedia.m */ = {isa = PBXFileReference; fileEncoding = 4; lastKnownFileType = sourcecode.c.objc; path = KGFlickrMedia.m; sourceTree = "<group>"; };
		EB9D608017D43FFB00ADE1D2 /* KGFlickrTag.h */ = {isa = PBXFileReference; fileEncoding = 4; lastKnownFileType = sourcecode.c.h; path = KGFlickrTag.h; sourceTree = "<group>"; };
		EB9D608117D43FFB00ADE1D2 /* KGFlickrTag.m */ = {isa = PBXFileReference; fileEncoding = 4; lastKnownFileType = sourcecode.c.objc; path = KGFlickrTag.m; sourceTree = "<group>"; };
		EB9D608217D43FFB00ADE1D2 /* KGLocationSaveItem.h */ = {isa = PBXFileReference; fileEncoding = 4; lastKnownFileType = sourcecode.c.h; path = KGLocationSaveItem.h; sourceTree = "<group>"; };
		EB9D608317D43FFB00ADE1D2 /* KGLocationSaveItem.m */ = {isa = PBXFileReference; fileEncoding = 4; lastKnownFileType = sourcecode.c.objc; path = KGLocationSaveItem.m; sourceTree = "<group>"; };
		EB9D608517D43FFB00ADE1D2 /* DebuggingModel v1.0.xcdatamodel */ = {isa = PBXFileReference; lastKnownFileType = wrapper.xcdatamodel; path = "DebuggingModel v1.0.xcdatamodel"; sourceTree = "<group>"; };
		EB9D608617D43FFB00ADE1D2 /* DebuggingModel.xcdatamodel */ = {isa = PBXFileReference; lastKnownFileType = wrapper.xcdatamodel; path = DebuggingModel.xcdatamodel; sourceTree = "<group>"; };
		EB9D608917D43FFB00ADE1D2 /* runMogenerator.sh */ = {isa = PBXFileReference; fileEncoding = 4; lastKnownFileType = text.script.sh; path = runMogenerator.sh; sourceTree = "<group>"; };
		EB9D608A17D43FFB00ADE1D2 /* DebuggingAppV3-Info.plist */ = {isa = PBXFileReference; fileEncoding = 4; lastKnownFileType = text.plist.xml; path = "DebuggingAppV3-Info.plist"; sourceTree = "<group>"; };
		EB9D608B17D43FFB00ADE1D2 /* DebuggingAppV3-Prefix.pch */ = {isa = PBXFileReference; fileEncoding = 4; lastKnownFileType = sourcecode.c.h; path = "DebuggingAppV3-Prefix.pch"; sourceTree = "<group>"; };
		EB9D608C17D43FFB00ADE1D2 /* Default-568h@2x.png */ = {isa = PBXFileReference; lastKnownFileType = image.png; path = "Default-568h@2x.png"; sourceTree = "<group>"; };
		EB9D608D17D43FFB00ADE1D2 /* Default.png */ = {isa = PBXFileReference; lastKnownFileType = image.png; path = Default.png; sourceTree = "<group>"; };
		EB9D608E17D43FFB00ADE1D2 /* Default@2x.png */ = {isa = PBXFileReference; lastKnownFileType = image.png; path = "Default@2x.png"; sourceTree = "<group>"; };
		EB9D609117D43FFB00ADE1D2 /* en */ = {isa = PBXFileReference; lastKnownFileType = text.plist.strings; name = en; path = InfoPlist.strings; sourceTree = "<group>"; };
		EB9D609317D43FFB00ADE1D2 /* KGFlickrListVC_iPad.xib */ = {isa = PBXFileReference; fileEncoding = 4; lastKnownFileType = file.xib; path = KGFlickrListVC_iPad.xib; sourceTree = "<group>"; };
		EB9D609417D43FFB00ADE1D2 /* KGMapSelectionsVC_iPad.xib */ = {isa = PBXFileReference; fileEncoding = 4; lastKnownFileType = file.xib; path = KGMapSelectionsVC_iPad.xib; sourceTree = "<group>"; };
		EB9D609617D43FFB00ADE1D2 /* KGFlickrListVC_iPhone.xib */ = {isa = PBXFileReference; fileEncoding = 4; lastKnownFileType = file.xib; path = KGFlickrListVC_iPhone.xib; sourceTree = "<group>"; };
		EB9D609717D43FFB00ADE1D2 /* KGMapSelectionsVC_iPhone.xib */ = {isa = PBXFileReference; fileEncoding = 4; lastKnownFileType = file.xib; path = KGMapSelectionsVC_iPhone.xib; sourceTree = "<group>"; };
		EB9D609817D43FFB00ADE1D2 /* KGFlickrItemCell.xib */ = {isa = PBXFileReference; fileEncoding = 4; lastKnownFileType = file.xib; path = KGFlickrItemCell.xib; sourceTree = "<group>"; };
		EB9D609917D43FFB00ADE1D2 /* main.m */ = {isa = PBXFileReference; fileEncoding = 4; lastKnownFileType = sourcecode.c.objc; path = main.m; sourceTree = "<group>"; };
		EB9D609B17D43FFC00ADE1D2 /* KGFlickrMasterRequest.h */ = {isa = PBXFileReference; fileEncoding = 4; lastKnownFileType = sourcecode.c.h; path = KGFlickrMasterRequest.h; sourceTree = "<group>"; };
		EB9D609C17D43FFC00ADE1D2 /* KGFlickrMasterRequest.m */ = {isa = PBXFileReference; fileEncoding = 4; lastKnownFileType = sourcecode.c.objc; path = KGFlickrMasterRequest.m; sourceTree = "<group>"; };
		EB9D609D17D43FFC00ADE1D2 /* KGFriendNewPhotosRequest.h */ = {isa = PBXFileReference; fileEncoding = 4; lastKnownFileType = sourcecode.c.h; path = KGFriendNewPhotosRequest.h; sourceTree = "<group>"; };
		EB9D609E17D43FFC00ADE1D2 /* KGFriendNewPhotosRequest.m */ = {isa = PBXFileReference; fileEncoding = 4; lastKnownFileType = sourcecode.c.objc; path = KGFriendNewPhotosRequest.m; sourceTree = "<group>"; };
		EB9D609F17D43FFC00ADE1D2 /* KGRandomNewPhotosRequest.h */ = {isa = PBXFileReference; fileEncoding = 4; lastKnownFileType = sourcecode.c.h; path = KGRandomNewPhotosRequest.h; sourceTree = "<group>"; };
		EB9D60A017D43FFC00ADE1D2 /* KGRandomNewPhotosRequest.m */ = {isa = PBXFileReference; fileEncoding = 4; lastKnownFileType = sourcecode.c.objc; path = KGRandomNewPhotosRequest.m; sourceTree = "<group>"; };
		EB9D60A317D43FFC00ADE1D2 /* DAChooseFontTableView.xib */ = {isa = PBXFileReference; fileEncoding = 4; lastKnownFileType = file.xib; path = DAChooseFontTableView.xib; sourceTree = "<group>"; };
		EB9D60A417D43FFC00ADE1D2 /* DAChooseFontTableViewController.h */ = {isa = PBXFileReference; fileEncoding = 4; lastKnownFileType = sourcecode.c.h; path = DAChooseFontTableViewController.h; sourceTree = "<group>"; };
		EB9D60A517D43FFC00ADE1D2 /* DAChooseFontTableViewController.m */ = {isa = PBXFileReference; fileEncoding = 4; lastKnownFileType = sourcecode.c.objc; path = DAChooseFontTableViewController.m; sourceTree = "<group>"; };
		EB9D60A617D43FFC00ADE1D2 /* DAMainFontExplorer.h */ = {isa = PBXFileReference; fileEncoding = 4; lastKnownFileType = sourcecode.c.h; path = DAMainFontExplorer.h; sourceTree = "<group>"; };
		EB9D60A717D43FFC00ADE1D2 /* DAMainFontExplorer.m */ = {isa = PBXFileReference; fileEncoding = 4; lastKnownFileType = sourcecode.c.objc; path = DAMainFontExplorer.m; sourceTree = "<group>"; };
		EB9D60A817D43FFC00ADE1D2 /* DAMainFontExplorer.xib */ = {isa = PBXFileReference; fileEncoding = 4; lastKnownFileType = file.xib; path = DAMainFontExplorer.xib; sourceTree = "<group>"; };
		EB9D60A917D43FFC00ADE1D2 /* DAPossibleFonts.h */ = {isa = PBXFileReference; fileEncoding = 4; lastKnownFileType = sourcecode.c.h; path = DAPossibleFonts.h; sourceTree = "<group>"; };
		EB9D60AA17D43FFC00ADE1D2 /* DAPossibleFonts.m */ = {isa = PBXFileReference; fileEncoding = 4; lastKnownFileType = sourcecode.c.objc; path = DAPossibleFonts.m; sourceTree = "<group>"; };
		EB9D60AB17D43FFC00ADE1D2 /* FontSizeCell.h */ = {isa = PBXFileReference; fileEncoding = 4; lastKnownFileType = sourcecode.c.h; path = FontSizeCell.h; sourceTree = "<group>"; };
		EB9D60AC17D43FFC00ADE1D2 /* FontSizeCell.m */ = {isa = PBXFileReference; fileEncoding = 4; lastKnownFileType = sourcecode.c.objc; path = FontSizeCell.m; sourceTree = "<group>"; };
		EB9D60AD17D43FFC00ADE1D2 /* FontSizeCell.xib */ = {isa = PBXFileReference; fileEncoding = 4; lastKnownFileType = file.xib; path = FontSizeCell.xib; sourceTree = "<group>"; };
		EB9D60AF17D43FFC00ADE1D2 /* Crosshairs-3456-jhnri4.png */ = {isa = PBXFileReference; lastKnownFileType = image.png; path = "Crosshairs-3456-jhnri4.png"; sourceTree = "<group>"; };
		EB9D60B017D43FFC00ADE1D2 /* first.png */ = {isa = PBXFileReference; lastKnownFileType = image.png; path = first.png; sourceTree = "<group>"; };
		EB9D60B117D43FFC00ADE1D2 /* first@2x.png */ = {isa = PBXFileReference; lastKnownFileType = image.png; path = "first@2x.png"; sourceTree = "<group>"; };
		EB9D60B217D43FFC00ADE1D2 /* second.png */ = {isa = PBXFileReference; lastKnownFileType = image.png; path = second.png; sourceTree = "<group>"; };
		EB9D60B317D43FFC00ADE1D2 /* second@2x.png */ = {isa = PBXFileReference; lastKnownFileType = image.png; path = "second@2x.png"; sourceTree = "<group>"; };
		EB9D60B417D43FFC00ADE1D2 /* third.png */ = {isa = PBXFileReference; lastKnownFileType = image.png; path = third.png; sourceTree = "<group>"; };
		EB9D60B517D43FFC00ADE1D2 /* third@2x.png */ = {isa = PBXFileReference; lastKnownFileType = image.png; path = "third@2x.png"; sourceTree = "<group>"; };
		EB9D60B617D43FFC00ADE1D2 /* KGAppDelegate.h */ = {isa = PBXFileReference; fileEncoding = 4; lastKnownFileType = sourcecode.c.h; path = KGAppDelegate.h; sourceTree = "<group>"; };
		EB9D60B717D43FFC00ADE1D2 /* KGAppDelegate.m */ = {isa = PBXFileReference; fileEncoding = 4; lastKnownFileType = sourcecode.c.objc; path = KGAppDelegate.m; sourceTree = "<group>"; };
		EB9D60B817D43FFC00ADE1D2 /* KGFlickrItemCell.h */ = {isa = PBXFileReference; fileEncoding = 4; lastKnownFileType = sourcecode.c.h; path = KGFlickrItemCell.h; sourceTree = "<group>"; };
		EB9D60B917D43FFC00ADE1D2 /* KGFlickrItemCell.m */ = {isa = PBXFileReference; fileEncoding = 4; lastKnownFileType = sourcecode.c.objc; path = KGFlickrItemCell.m; sourceTree = "<group>"; };
		EB9D60BA17D43FFC00ADE1D2 /* KGFlickrListVC.h */ = {isa = PBXFileReference; fileEncoding = 4; lastKnownFileType = sourcecode.c.h; path = KGFlickrListVC.h; sourceTree = "<group>"; };
		EB9D60BB17D43FFC00ADE1D2 /* KGFlickrListVC.m */ = {isa = PBXFileReference; fileEncoding = 4; lastKnownFileType = sourcecode.c.objc; path = KGFlickrListVC.m; sourceTree = "<group>"; };
		EB9D60BC17D43FFC00ADE1D2 /* KGInspectFlickrItemVC.h */ = {isa = PBXFileReference; fileEncoding = 4; lastKnownFileType = sourcecode.c.h; path = KGInspectFlickrItemVC.h; sourceTree = "<group>"; };
		EB9D60BD17D43FFC00ADE1D2 /* KGInspectFlickrItemVC.m */ = {isa = PBXFileReference; fileEncoding = 4; lastKnownFileType = sourcecode.c.objc; path = KGInspectFlickrItemVC.m; sourceTree = "<group>"; };
		EB9D60BE17D43FFC00ADE1D2 /* KGInspectFlickrItemVC.xib */ = {isa = PBXFileReference; fileEncoding = 4; lastKnownFileType = file.xib; path = KGInspectFlickrItemVC.xib; sourceTree = "<group>"; };
		EB9D60BF17D43FFC00ADE1D2 /* KGMapSelectionsVC.h */ = {isa = PBXFileReference; fileEncoding = 4; lastKnownFileType = sourcecode.c.h; path = KGMapSelectionsVC.h; sourceTree = "<group>"; };
		EB9D60C017D43FFC00ADE1D2 /* KGMapSelectionsVC.m */ = {isa = PBXFileReference; fileEncoding = 4; lastKnownFileType = sourcecode.c.objc; path = KGMapSelectionsVC.m; sourceTree = "<group>"; };
		EB9D60C117D43FFC00ADE1D2 /* UITableViewCellAdditions.h */ = {isa = PBXFileReference; fileEncoding = 4; lastKnownFileType = sourcecode.c.h; path = UITableViewCellAdditions.h; sourceTree = "<group>"; };
		EB9D60C217D43FFC00ADE1D2 /* UITableViewCellAdditions.m */ = {isa = PBXFileReference; fileEncoding = 4; lastKnownFileType = sourcecode.c.objc; path = UITableViewCellAdditions.m; sourceTree = "<group>"; };
		EB9D634917D4404900ADE1D2 /* libicucore.dylib */ = {isa = PBXFileReference; lastKnownFileType = "compiled.mach-o.dylib"; name = libicucore.dylib; path = usr/lib/libicucore.dylib; sourceTree = SDKROOT; };
		EB9D634B17D4404F00ADE1D2 /* MapKit.framework */ = {isa = PBXFileReference; lastKnownFileType = wrapper.framework; name = MapKit.framework; path = System/Library/Frameworks/MapKit.framework; sourceTree = SDKROOT; };
		EB9D634D17D4405600ADE1D2 /* SystemConfiguration.framework */ = {isa = PBXFileReference; lastKnownFileType = wrapper.framework; name = SystemConfiguration.framework; path = System/Library/Frameworks/SystemConfiguration.framework; sourceTree = SDKROOT; };
		EB9D634F17D4405D00ADE1D2 /* CFNetwork.framework */ = {isa = PBXFileReference; lastKnownFileType = wrapper.framework; name = CFNetwork.framework; path = System/Library/Frameworks/CFNetwork.framework; sourceTree = SDKROOT; };
		EB9D635117D4406400ADE1D2 /* Security.framework */ = {isa = PBXFileReference; lastKnownFileType = wrapper.framework; name = Security.framework; path = System/Library/Frameworks/Security.framework; sourceTree = SDKROOT; };
		EB9D635317D4406800ADE1D2 /* QuartzCore.framework */ = {isa = PBXFileReference; lastKnownFileType = wrapper.framework; name = QuartzCore.framework; path = System/Library/Frameworks/QuartzCore.framework; sourceTree = SDKROOT; };
		EB9D635517D4406F00ADE1D2 /* CoreData.framework */ = {isa = PBXFileReference; lastKnownFileType = wrapper.framework; name = CoreData.framework; path = System/Library/Frameworks/CoreData.framework; sourceTree = SDKROOT; };
		EB9D635817D4435900ADE1D2 /* AFHTTPClient.h */ = {isa = PBXFileReference; fileEncoding = 4; lastKnownFileType = sourcecode.c.h; path = AFHTTPClient.h; sourceTree = "<group>"; };
		EB9D635917D4435900ADE1D2 /* AFHTTPClient.m */ = {isa = PBXFileReference; fileEncoding = 4; lastKnownFileType = sourcecode.c.objc; path = AFHTTPClient.m; sourceTree = "<group>"; };
		EB9D635A17D4435900ADE1D2 /* AFHTTPRequestOperation.h */ = {isa = PBXFileReference; fileEncoding = 4; lastKnownFileType = sourcecode.c.h; path = AFHTTPRequestOperation.h; sourceTree = "<group>"; };
		EB9D635B17D4435900ADE1D2 /* AFHTTPRequestOperation.m */ = {isa = PBXFileReference; fileEncoding = 4; lastKnownFileType = sourcecode.c.objc; path = AFHTTPRequestOperation.m; sourceTree = "<group>"; };
		EB9D635C17D4435900ADE1D2 /* AFImageRequestOperation.h */ = {isa = PBXFileReference; fileEncoding = 4; lastKnownFileType = sourcecode.c.h; path = AFImageRequestOperation.h; sourceTree = "<group>"; };
		EB9D635D17D4435900ADE1D2 /* AFImageRequestOperation.m */ = {isa = PBXFileReference; fileEncoding = 4; lastKnownFileType = sourcecode.c.objc; path = AFImageRequestOperation.m; sourceTree = "<group>"; };
		EB9D635E17D4435900ADE1D2 /* AFJSONRequestOperation.h */ = {isa = PBXFileReference; fileEncoding = 4; lastKnownFileType = sourcecode.c.h; path = AFJSONRequestOperation.h; sourceTree = "<group>"; };
		EB9D635F17D4435900ADE1D2 /* AFJSONRequestOperation.m */ = {isa = PBXFileReference; fileEncoding = 4; lastKnownFileType = sourcecode.c.objc; path = AFJSONRequestOperation.m; sourceTree = "<group>"; };
		EB9D636017D4435900ADE1D2 /* AFJSONUtilities.h */ = {isa = PBXFileReference; fileEncoding = 4; lastKnownFileType = sourcecode.c.h; path = AFJSONUtilities.h; sourceTree = "<group>"; };
		EB9D636117D4435900ADE1D2 /* AFJSONUtilities.m */ = {isa = PBXFileReference; fileEncoding = 4; lastKnownFileType = sourcecode.c.objc; path = AFJSONUtilities.m; sourceTree = "<group>"; };
		EB9D636217D4435900ADE1D2 /* AFNetworkActivityIndicatorManager.h */ = {isa = PBXFileReference; fileEncoding = 4; lastKnownFileType = sourcecode.c.h; path = AFNetworkActivityIndicatorManager.h; sourceTree = "<group>"; };
		EB9D636317D4435900ADE1D2 /* AFNetworkActivityIndicatorManager.m */ = {isa = PBXFileReference; fileEncoding = 4; lastKnownFileType = sourcecode.c.objc; path = AFNetworkActivityIndicatorManager.m; sourceTree = "<group>"; };
		EB9D636417D4435900ADE1D2 /* AFNetworking.h */ = {isa = PBXFileReference; fileEncoding = 4; lastKnownFileType = sourcecode.c.h; path = AFNetworking.h; sourceTree = "<group>"; };
		EB9D636517D4435900ADE1D2 /* AFPropertyListRequestOperation.h */ = {isa = PBXFileReference; fileEncoding = 4; lastKnownFileType = sourcecode.c.h; path = AFPropertyListRequestOperation.h; sourceTree = "<group>"; };
		EB9D636617D4435900ADE1D2 /* AFPropertyListRequestOperation.m */ = {isa = PBXFileReference; fileEncoding = 4; lastKnownFileType = sourcecode.c.objc; path = AFPropertyListRequestOperation.m; sourceTree = "<group>"; };
		EB9D636717D4435900ADE1D2 /* AFURLConnectionOperation.h */ = {isa = PBXFileReference; fileEncoding = 4; lastKnownFileType = sourcecode.c.h; path = AFURLConnectionOperation.h; sourceTree = "<group>"; };
		EB9D636817D4435900ADE1D2 /* AFURLConnectionOperation.m */ = {isa = PBXFileReference; fileEncoding = 4; lastKnownFileType = sourcecode.c.objc; path = AFURLConnectionOperation.m; sourceTree = "<group>"; };
		EB9D636917D4435900ADE1D2 /* AFXMLRequestOperation.h */ = {isa = PBXFileReference; fileEncoding = 4; lastKnownFileType = sourcecode.c.h; path = AFXMLRequestOperation.h; sourceTree = "<group>"; };
		EB9D636A17D4435900ADE1D2 /* AFXMLRequestOperation.m */ = {isa = PBXFileReference; fileEncoding = 4; lastKnownFileType = sourcecode.c.objc; path = AFXMLRequestOperation.m; sourceTree = "<group>"; };
		EB9D636B17D4435900ADE1D2 /* UIImageView+AFNetworking.h */ = {isa = PBXFileReference; fileEncoding = 4; lastKnownFileType = sourcecode.c.h; path = "UIImageView+AFNetworking.h"; sourceTree = "<group>"; };
		EB9D636C17D4435900ADE1D2 /* UIImageView+AFNetworking.m */ = {isa = PBXFileReference; fileEncoding = 4; lastKnownFileType = sourcecode.c.objc; path = "UIImageView+AFNetworking.m"; sourceTree = "<group>"; };
		EB9D637917D4436100ADE1D2 /* NSArray+KGConversions.h */ = {isa = PBXFileReference; fileEncoding = 4; lastKnownFileType = sourcecode.c.h; path = "NSArray+KGConversions.h"; sourceTree = "<group>"; };
		EB9D637A17D4436100ADE1D2 /* NSArray+KGConversions.m */ = {isa = PBXFileReference; fileEncoding = 4; lastKnownFileType = sourcecode.c.objc; path = "NSArray+KGConversions.m"; sourceTree = "<group>"; };
		EB9D637B17D4436100ADE1D2 /* NSDictionary+KGSafeExtract.h */ = {isa = PBXFileReference; fileEncoding = 4; lastKnownFileType = sourcecode.c.h; path = "NSDictionary+KGSafeExtract.h"; sourceTree = "<group>"; };
		EB9D637C17D4436100ADE1D2 /* NSDictionary+KGSafeExtract.m */ = {isa = PBXFileReference; fileEncoding = 4; lastKnownFileType = sourcecode.c.objc; path = "NSDictionary+KGSafeExtract.m"; sourceTree = "<group>"; };
		EB9D637D17D4436100ADE1D2 /* NSMutableDictionary+KGGroupFlagDict.h */ = {isa = PBXFileReference; fileEncoding = 4; lastKnownFileType = sourcecode.c.h; path = "NSMutableDictionary+KGGroupFlagDict.h"; sourceTree = "<group>"; };
		EB9D637E17D4436100ADE1D2 /* NSMutableDictionary+KGGroupFlagDict.m */ = {isa = PBXFileReference; fileEncoding = 4; lastKnownFileType = sourcecode.c.objc; path = "NSMutableDictionary+KGGroupFlagDict.m"; sourceTree = "<group>"; };
		EB9D637F17D4436100ADE1D2 /* NSNull+ActAsNil.h */ = {isa = PBXFileReference; fileEncoding = 4; lastKnownFileType = sourcecode.c.h; path = "NSNull+ActAsNil.h"; sourceTree = "<group>"; };
		EB9D638017D4436100ADE1D2 /* NSNull+ActAsNil.m */ = {isa = PBXFileReference; fileEncoding = 4; lastKnownFileType = sourcecode.c.objc; path = "NSNull+ActAsNil.m"; sourceTree = "<group>"; };
		EB9D638117D4436100ADE1D2 /* NSString+KGStringAdditions.h */ = {isa = PBXFileReference; fileEncoding = 4; lastKnownFileType = sourcecode.c.h; path = "NSString+KGStringAdditions.h"; sourceTree = "<group>"; };
		EB9D638217D4436100ADE1D2 /* NSString+KGStringAdditions.m */ = {isa = PBXFileReference; fileEncoding = 4; lastKnownFileType = sourcecode.c.objc; path = "NSString+KGStringAdditions.m"; sourceTree = "<group>"; };
		EB9D638317D4436100ADE1D2 /* KGCoreDataObject.h */ = {isa = PBXFileReference; fileEncoding = 4; lastKnownFileType = sourcecode.c.h; path = KGCoreDataObject.h; sourceTree = "<group>"; };
		EB9D638417D4436100ADE1D2 /* KGCoreDataObject.m */ = {isa = PBXFileReference; fileEncoding = 4; lastKnownFileType = sourcecode.c.objc; path = KGCoreDataObject.m; sourceTree = "<group>"; };
		EB9D638517D4436100ADE1D2 /* KGDataObject.h */ = {isa = PBXFileReference; fileEncoding = 4; lastKnownFileType = sourcecode.c.h; path = KGDataObject.h; sourceTree = "<group>"; };
		EB9D638617D4436100ADE1D2 /* KGDataObject.m */ = {isa = PBXFileReference; fileEncoding = 4; lastKnownFileType = sourcecode.c.objc; path = KGDataObject.m; sourceTree = "<group>"; };
		EB9D638817D4436100ADE1D2 /* NSFileManager+KGPaths.h */ = {isa = PBXFileReference; fileEncoding = 4; lastKnownFileType = sourcecode.c.h; path = "NSFileManager+KGPaths.h"; sourceTree = "<group>"; };
		EB9D638917D4436100ADE1D2 /* NSFileManager+KGPaths.m */ = {isa = PBXFileReference; fileEncoding = 4; lastKnownFileType = sourcecode.c.objc; path = "NSFileManager+KGPaths.m"; sourceTree = "<group>"; };
		EB9D638B17D4436100ADE1D2 /* UILabel+KGSizeAdditions.h */ = {isa = PBXFileReference; fileEncoding = 4; lastKnownFileType = sourcecode.c.h; path = "UILabel+KGSizeAdditions.h"; sourceTree = "<group>"; };
		EB9D638C17D4436100ADE1D2 /* UILabel+KGSizeAdditions.m */ = {isa = PBXFileReference; fileEncoding = 4; lastKnownFileType = sourcecode.c.objc; path = "UILabel+KGSizeAdditions.m"; sourceTree = "<group>"; };
		EB9D638D17D4436100ADE1D2 /* UIViewController+KGUniversalVC.h */ = {isa = PBXFileReference; fileEncoding = 4; lastKnownFileType = sourcecode.c.h; path = "UIViewController+KGUniversalVC.h"; sourceTree = "<group>"; };
		EB9D638E17D4436100ADE1D2 /* UIViewController+KGUniversalVC.m */ = {isa = PBXFileReference; fileEncoding = 4; lastKnownFileType = sourcecode.c.objc; path = "UIViewController+KGUniversalVC.m"; sourceTree = "<group>"; };
		EB9D644617D443C500ADE1D2 /* Reachability.h */ = {isa = PBXFileReference; fileEncoding = 4; lastKnownFileType = sourcecode.c.h; name = Reachability.h; path = Reachability/Reachability.h; sourceTree = "<group>"; };
		EB9D644717D443C500ADE1D2 /* Reachability.m */ = {isa = PBXFileReference; fileEncoding = 4; lastKnownFileType = sourcecode.c.objc; name = Reachability.m; path = Reachability/Reachability.m; sourceTree = "<group>"; };
/* End PBXFileReference section */

/* Begin PBXFrameworksBuildPhase section */
		EB9D603517D438F500ADE1D2 /* Frameworks */ = {
			isa = PBXFrameworksBuildPhase;
			buildActionMask = 2147483647;
			files = (
				EB9D635617D4406F00ADE1D2 /* CoreData.framework in Frameworks */,
				EB9D635417D4406800ADE1D2 /* QuartzCore.framework in Frameworks */,
				EB9D635217D4406400ADE1D2 /* Security.framework in Frameworks */,
				EB9D635017D4405D00ADE1D2 /* CFNetwork.framework in Frameworks */,
				EB9D634E17D4405600ADE1D2 /* SystemConfiguration.framework in Frameworks */,
				EB9D634C17D4404F00ADE1D2 /* MapKit.framework in Frameworks */,
				EB9D634A17D4404900ADE1D2 /* libicucore.dylib in Frameworks */,
				EB9D603C17D438F500ADE1D2 /* UIKit.framework in Frameworks */,
				EB9D603E17D438F500ADE1D2 /* Foundation.framework in Frameworks */,
				EB9D604017D438F500ADE1D2 /* CoreGraphics.framework in Frameworks */,
			);
			runOnlyForDeploymentPostprocessing = 0;
		};
/* End PBXFrameworksBuildPhase section */

/* Begin PBXGroup section */
		EB35A51917DB9A070031C23C /* CoreData */ = {
			isa = PBXGroup;
			children = (
				EB35A51A17DB9A070031C23C /* KGStore.h */,
				EB35A51B17DB9A070031C23C /* KGStore.m */,
				EB35A51C17DB9A070031C23C /* NSManagedObject+KGStore.h */,
				EB35A51D17DB9A070031C23C /* NSManagedObject+KGStore.m */,
			);
			path = CoreData;
			sourceTree = "<group>";
		};
		EB35A52217DBA6760031C23C /* LocationSimulate */ = {
			isa = PBXGroup;
			children = (
				EB35A52317DBA6780031C23C /* mystic_basin_trail.gpx */,
				EB35A52717DBB9BF0031C23C /* UtahStGeorge.gpx */,
			);
			path = LocationSimulate;
			sourceTree = "<group>";
		};
		EB9D602F17D438F500ADE1D2 = {
			isa = PBXGroup;
			children = (
				EB9D635517D4406F00ADE1D2 /* CoreData.framework */,
				EB9D635317D4406800ADE1D2 /* QuartzCore.framework */,
				EB9D635117D4406400ADE1D2 /* Security.framework */,
				EB9D634F17D4405D00ADE1D2 /* CFNetwork.framework */,
				EB9D634D17D4405600ADE1D2 /* SystemConfiguration.framework */,
				EB9D634B17D4404F00ADE1D2 /* MapKit.framework */,
				EB9D634917D4404900ADE1D2 /* libicucore.dylib */,
				EB9D604117D438F500ADE1D2 /* DebuggingAppV3 */,
				EB9D603A17D438F500ADE1D2 /* Frameworks */,
				EB9D603917D438F500ADE1D2 /* Products */,
			);
			sourceTree = "<group>";
		};
		EB9D603917D438F500ADE1D2 /* Products */ = {
			isa = PBXGroup;
			children = (
				EB9D603817D438F500ADE1D2 /* DebuggingAppV3.app */,
			);
			name = Products;
			sourceTree = "<group>";
		};
		EB9D603A17D438F500ADE1D2 /* Frameworks */ = {
			isa = PBXGroup;
			children = (
				EB9D603B17D438F500ADE1D2 /* UIKit.framework */,
				EB9D603D17D438F500ADE1D2 /* Foundation.framework */,
				EB9D603F17D438F500ADE1D2 /* CoreGraphics.framework */,
			);
			name = Frameworks;
			sourceTree = "<group>";
		};
		EB9D604117D438F500ADE1D2 /* DebuggingAppV3 */ = {
			isa = PBXGroup;
			children = (
				EB35A52217DBA6760031C23C /* LocationSimulate */,
				EB9D634817D4400400ADE1D2 /* Supporting Files */,
				EB9D607217D43FFB00ADE1D2 /* Data */,
				EB9D608F17D43FFB00ADE1D2 /* en.lproj */,
				EB9D609217D43FFB00ADE1D2 /* iPad */,
				EB9D609517D43FFB00ADE1D2 /* iPhone */,
				EB9D609817D43FFB00ADE1D2 /* KGFlickrItemCell.xib */,
				EB9D609A17D43FFB00ADE1D2 /* Networking */,
				EB9D60A117D43FFC00ADE1D2 /* Shared */,
				EB9D60C317D43FFC00ADE1D2 /* ThirdParty */,
			);
			path = DebuggingAppV3;
			sourceTree = "<group>";
		};
		EB9D607217D43FFB00ADE1D2 /* Data */ = {
			isa = PBXGroup;
			children = (
				EB9D607317D43FFB00ADE1D2 /* DataObjects */,
				EB9D608417D43FFB00ADE1D2 /* DebuggingModel.xcdatamodeld */,
				EB9D608917D43FFB00ADE1D2 /* runMogenerator.sh */,
			);
			path = Data;
			sourceTree = "<group>";
		};
		EB9D607317D43FFB00ADE1D2 /* DataObjects */ = {
			isa = PBXGroup;
			children = (
				EB9D607417D43FFB00ADE1D2 /* _KGFlickrItem.h */,
				EB9D607517D43FFB00ADE1D2 /* _KGFlickrItem.m */,
				EB9D607617D43FFB00ADE1D2 /* _KGFlickrMedia.h */,
				EB9D607717D43FFB00ADE1D2 /* _KGFlickrMedia.m */,
				EB9D607817D43FFB00ADE1D2 /* _KGFlickrTag.h */,
				EB9D607917D43FFB00ADE1D2 /* _KGFlickrTag.m */,
				EB9D607A17D43FFB00ADE1D2 /* _KGLocationSaveItem.h */,
				EB9D607B17D43FFB00ADE1D2 /* _KGLocationSaveItem.m */,
				EB9D607C17D43FFB00ADE1D2 /* KGFlickrItem.h */,
				EB9D607D17D43FFB00ADE1D2 /* KGFlickrItem.m */,
				EB9D607E17D43FFB00ADE1D2 /* KGFlickrMedia.h */,
				EB9D607F17D43FFB00ADE1D2 /* KGFlickrMedia.m */,
				EB9D608017D43FFB00ADE1D2 /* KGFlickrTag.h */,
				EB9D608117D43FFB00ADE1D2 /* KGFlickrTag.m */,
				EB9D608217D43FFB00ADE1D2 /* KGLocationSaveItem.h */,
				EB9D608317D43FFB00ADE1D2 /* KGLocationSaveItem.m */,
			);
			path = DataObjects;
			sourceTree = "<group>";
		};
		EB9D608F17D43FFB00ADE1D2 /* en.lproj */ = {
			isa = PBXGroup;
			children = (
				EB9D609017D43FFB00ADE1D2 /* InfoPlist.strings */,
			);
			path = en.lproj;
			sourceTree = "<group>";
		};
		EB9D609217D43FFB00ADE1D2 /* iPad */ = {
			isa = PBXGroup;
			children = (
				EB9D609317D43FFB00ADE1D2 /* KGFlickrListVC_iPad.xib */,
				EB9D609417D43FFB00ADE1D2 /* KGMapSelectionsVC_iPad.xib */,
			);
			path = iPad;
			sourceTree = "<group>";
		};
		EB9D609517D43FFB00ADE1D2 /* iPhone */ = {
			isa = PBXGroup;
			children = (
				EB9D609617D43FFB00ADE1D2 /* KGFlickrListVC_iPhone.xib */,
				EB9D609717D43FFB00ADE1D2 /* KGMapSelectionsVC_iPhone.xib */,
			);
			path = iPhone;
			sourceTree = "<group>";
		};
		EB9D609A17D43FFB00ADE1D2 /* Networking */ = {
			isa = PBXGroup;
			children = (
				EB9D609B17D43FFC00ADE1D2 /* KGFlickrMasterRequest.h */,
				EB9D609C17D43FFC00ADE1D2 /* KGFlickrMasterRequest.m */,
				EB9D609D17D43FFC00ADE1D2 /* KGFriendNewPhotosRequest.h */,
				EB9D609E17D43FFC00ADE1D2 /* KGFriendNewPhotosRequest.m */,
				EB9D609F17D43FFC00ADE1D2 /* KGRandomNewPhotosRequest.h */,
				EB9D60A017D43FFC00ADE1D2 /* KGRandomNewPhotosRequest.m */,
			);
			path = Networking;
			sourceTree = "<group>";
		};
		EB9D60A117D43FFC00ADE1D2 /* Shared */ = {
			isa = PBXGroup;
			children = (
				EB9D60A217D43FFC00ADE1D2 /* FontExplorer */,
				EB9D60AE17D43FFC00ADE1D2 /* images */,
				EB9D60B617D43FFC00ADE1D2 /* KGAppDelegate.h */,
				EB9D60B717D43FFC00ADE1D2 /* KGAppDelegate.m */,
				EB9D60B817D43FFC00ADE1D2 /* KGFlickrItemCell.h */,
				EB9D60B917D43FFC00ADE1D2 /* KGFlickrItemCell.m */,
				EB9D60BA17D43FFC00ADE1D2 /* KGFlickrListVC.h */,
				EB9D60BB17D43FFC00ADE1D2 /* KGFlickrListVC.m */,
				EB9D60BC17D43FFC00ADE1D2 /* KGInspectFlickrItemVC.h */,
				EB9D60BD17D43FFC00ADE1D2 /* KGInspectFlickrItemVC.m */,
				EB9D60BE17D43FFC00ADE1D2 /* KGInspectFlickrItemVC.xib */,
				EB9D60BF17D43FFC00ADE1D2 /* KGMapSelectionsVC.h */,
				EB9D60C017D43FFC00ADE1D2 /* KGMapSelectionsVC.m */,
				EB9D60C117D43FFC00ADE1D2 /* UITableViewCellAdditions.h */,
				EB9D60C217D43FFC00ADE1D2 /* UITableViewCellAdditions.m */,
			);
			path = Shared;
			sourceTree = "<group>";
		};
		EB9D60A217D43FFC00ADE1D2 /* FontExplorer */ = {
			isa = PBXGroup;
			children = (
				EB9D60A317D43FFC00ADE1D2 /* DAChooseFontTableView.xib */,
				EB9D60A417D43FFC00ADE1D2 /* DAChooseFontTableViewController.h */,
				EB9D60A517D43FFC00ADE1D2 /* DAChooseFontTableViewController.m */,
				EB9D60A617D43FFC00ADE1D2 /* DAMainFontExplorer.h */,
				EB9D60A717D43FFC00ADE1D2 /* DAMainFontExplorer.m */,
				EB9D60A817D43FFC00ADE1D2 /* DAMainFontExplorer.xib */,
				EB9D60A917D43FFC00ADE1D2 /* DAPossibleFonts.h */,
				EB9D60AA17D43FFC00ADE1D2 /* DAPossibleFonts.m */,
				EB9D60AB17D43FFC00ADE1D2 /* FontSizeCell.h */,
				EB9D60AC17D43FFC00ADE1D2 /* FontSizeCell.m */,
				EB9D60AD17D43FFC00ADE1D2 /* FontSizeCell.xib */,
			);
			path = FontExplorer;
			sourceTree = "<group>";
		};
		EB9D60AE17D43FFC00ADE1D2 /* images */ = {
			isa = PBXGroup;
			children = (
				EB9D60AF17D43FFC00ADE1D2 /* Crosshairs-3456-jhnri4.png */,
				EB9D60B017D43FFC00ADE1D2 /* first.png */,
				EB9D60B117D43FFC00ADE1D2 /* first@2x.png */,
				EB9D60B217D43FFC00ADE1D2 /* second.png */,
				EB9D60B317D43FFC00ADE1D2 /* second@2x.png */,
				EB9D60B417D43FFC00ADE1D2 /* third.png */,
				EB9D60B517D43FFC00ADE1D2 /* third@2x.png */,
			);
			path = images;
			sourceTree = "<group>";
		};
		EB9D60C317D43FFC00ADE1D2 /* ThirdParty */ = {
			isa = PBXGroup;
			children = (
				EB9D644517D443B800ADE1D2 /* Reachability */,
				EB9D637717D4436100ADE1D2 /* KGFramework */,
				EB9D635717D4435900ADE1D2 /* AFNetworking */,
			);
			path = ThirdParty;
			sourceTree = "<group>";
		};
		EB9D634817D4400400ADE1D2 /* Supporting Files */ = {
			isa = PBXGroup;
			children = (
				EB9D608A17D43FFB00ADE1D2 /* DebuggingAppV3-Info.plist */,
				EB9D608B17D43FFB00ADE1D2 /* DebuggingAppV3-Prefix.pch */,
				EB9D608C17D43FFB00ADE1D2 /* Default-568h@2x.png */,
				EB9D608D17D43FFB00ADE1D2 /* Default.png */,
				EB9D608E17D43FFB00ADE1D2 /* Default@2x.png */,
				EB9D609917D43FFB00ADE1D2 /* main.m */,
			);
			name = "Supporting Files";
			sourceTree = "<group>";
		};
		EB9D635717D4435900ADE1D2 /* AFNetworking */ = {
			isa = PBXGroup;
			children = (
				EB9D635817D4435900ADE1D2 /* AFHTTPClient.h */,
				EB9D635917D4435900ADE1D2 /* AFHTTPClient.m */,
				EB9D635A17D4435900ADE1D2 /* AFHTTPRequestOperation.h */,
				EB9D635B17D4435900ADE1D2 /* AFHTTPRequestOperation.m */,
				EB9D635C17D4435900ADE1D2 /* AFImageRequestOperation.h */,
				EB9D635D17D4435900ADE1D2 /* AFImageRequestOperation.m */,
				EB9D635E17D4435900ADE1D2 /* AFJSONRequestOperation.h */,
				EB9D635F17D4435900ADE1D2 /* AFJSONRequestOperation.m */,
				EB9D636017D4435900ADE1D2 /* AFJSONUtilities.h */,
				EB9D636117D4435900ADE1D2 /* AFJSONUtilities.m */,
				EB9D636217D4435900ADE1D2 /* AFNetworkActivityIndicatorManager.h */,
				EB9D636317D4435900ADE1D2 /* AFNetworkActivityIndicatorManager.m */,
				EB9D636417D4435900ADE1D2 /* AFNetworking.h */,
				EB9D636517D4435900ADE1D2 /* AFPropertyListRequestOperation.h */,
				EB9D636617D4435900ADE1D2 /* AFPropertyListRequestOperation.m */,
				EB9D636717D4435900ADE1D2 /* AFURLConnectionOperation.h */,
				EB9D636817D4435900ADE1D2 /* AFURLConnectionOperation.m */,
				EB9D636917D4435900ADE1D2 /* AFXMLRequestOperation.h */,
				EB9D636A17D4435900ADE1D2 /* AFXMLRequestOperation.m */,
				EB9D636B17D4435900ADE1D2 /* UIImageView+AFNetworking.h */,
				EB9D636C17D4435900ADE1D2 /* UIImageView+AFNetworking.m */,
			);
			name = AFNetworking;
			path = AFNetworking/AFNetworking;
			sourceTree = "<group>";
		};
		EB9D637717D4436100ADE1D2 /* KGFramework */ = {
			isa = PBXGroup;
			children = (
				EB35A51917DB9A070031C23C /* CoreData */,
				EB9D637817D4436100ADE1D2 /* Additions */,
				EB9D638317D4436100ADE1D2 /* KGCoreDataObject.h */,
				EB9D638417D4436100ADE1D2 /* KGCoreDataObject.m */,
				EB9D638517D4436100ADE1D2 /* KGDataObject.h */,
				EB9D638617D4436100ADE1D2 /* KGDataObject.m */,
				EB9D638717D4436100ADE1D2 /* NSAdditions */,
				EB9D638A17D4436100ADE1D2 /* UIAdditions */,
			);
			path = KGFramework;
			sourceTree = "<group>";
		};
		EB9D637817D4436100ADE1D2 /* Additions */ = {
			isa = PBXGroup;
			children = (
				EB9D637917D4436100ADE1D2 /* NSArray+KGConversions.h */,
				EB9D637A17D4436100ADE1D2 /* NSArray+KGConversions.m */,
				EB9D637B17D4436100ADE1D2 /* NSDictionary+KGSafeExtract.h */,
				EB9D637C17D4436100ADE1D2 /* NSDictionary+KGSafeExtract.m */,
				EB9D637D17D4436100ADE1D2 /* NSMutableDictionary+KGGroupFlagDict.h */,
				EB9D637E17D4436100ADE1D2 /* NSMutableDictionary+KGGroupFlagDict.m */,
				EB9D637F17D4436100ADE1D2 /* NSNull+ActAsNil.h */,
				EB9D638017D4436100ADE1D2 /* NSNull+ActAsNil.m */,
				EB9D638117D4436100ADE1D2 /* NSString+KGStringAdditions.h */,
				EB9D638217D4436100ADE1D2 /* NSString+KGStringAdditions.m */,
			);
			path = Additions;
			sourceTree = "<group>";
		};
		EB9D638717D4436100ADE1D2 /* NSAdditions */ = {
			isa = PBXGroup;
			children = (
				EB9D638817D4436100ADE1D2 /* NSFileManager+KGPaths.h */,
				EB9D638917D4436100ADE1D2 /* NSFileManager+KGPaths.m */,
			);
			path = NSAdditions;
			sourceTree = "<group>";
		};
		EB9D638A17D4436100ADE1D2 /* UIAdditions */ = {
			isa = PBXGroup;
			children = (
				EB9D638B17D4436100ADE1D2 /* UILabel+KGSizeAdditions.h */,
				EB9D638C17D4436100ADE1D2 /* UILabel+KGSizeAdditions.m */,
				EB9D638D17D4436100ADE1D2 /* UIViewController+KGUniversalVC.h */,
				EB9D638E17D4436100ADE1D2 /* UIViewController+KGUniversalVC.m */,
			);
			path = UIAdditions;
			sourceTree = "<group>";
		};
		EB9D644517D443B800ADE1D2 /* Reachability */ = {
			isa = PBXGroup;
			children = (
				EB9D644617D443C500ADE1D2 /* Reachability.h */,
				EB9D644717D443C500ADE1D2 /* Reachability.m */,
			);
			name = Reachability;
			sourceTree = "<group>";
		};
/* End PBXGroup section */

/* Begin PBXNativeTarget section */
		EB9D603717D438F500ADE1D2 /* DebuggingAppV3 */ = {
			isa = PBXNativeTarget;
			buildConfigurationList = EB9D606F17D438F500ADE1D2 /* Build configuration list for PBXNativeTarget "DebuggingAppV3" */;
			buildPhases = (
				EB9D603417D438F500ADE1D2 /* Sources */,
				EB9D603517D438F500ADE1D2 /* Frameworks */,
				EB9D603617D438F500ADE1D2 /* Resources */,
			);
			buildRules = (
			);
			dependencies = (
			);
			name = DebuggingAppV3;
			productName = DebuggingAppV3;
			productReference = EB9D603817D438F500ADE1D2 /* DebuggingAppV3.app */;
			productType = "com.apple.product-type.application";
		};
/* End PBXNativeTarget section */

/* Begin PBXProject section */
		EB9D603017D438F500ADE1D2 /* Project object */ = {
			isa = PBXProject;
			attributes = {
				CLASSPREFIX = KG;
				LastUpgradeCheck = 0460;
				ORGANIZATIONNAME = "KiGi Software";
			};
			buildConfigurationList = EB9D603317D438F500ADE1D2 /* Build configuration list for PBXProject "DebuggingAppV3" */;
			compatibilityVersion = "Xcode 3.2";
			developmentRegion = English;
			hasScannedForEncodings = 0;
			knownRegions = (
				en,
			);
			mainGroup = EB9D602F17D438F500ADE1D2;
			productRefGroup = EB9D603917D438F500ADE1D2 /* Products */;
			projectDirPath = "";
			projectRoot = "";
			targets = (
				EB9D603717D438F500ADE1D2 /* DebuggingAppV3 */,
			);
		};
/* End PBXProject section */

/* Begin PBXResourcesBuildPhase section */
		EB9D603617D438F500ADE1D2 /* Resources */ = {
			isa = PBXResourcesBuildPhase;
			buildActionMask = 2147483647;
			files = (
				EB9D625817D43FFD00ADE1D2 /* runMogenerator.sh in Resources */,
				EB9D625A17D43FFD00ADE1D2 /* Default-568h@2x.png in Resources */,
				EB9D625B17D43FFD00ADE1D2 /* Default.png in Resources */,
				EB9D625C17D43FFD00ADE1D2 /* Default@2x.png in Resources */,
				EB9D625D17D43FFD00ADE1D2 /* InfoPlist.strings in Resources */,
				EB9D625E17D43FFD00ADE1D2 /* KGFlickrListVC_iPad.xib in Resources */,
				EB9D625F17D43FFD00ADE1D2 /* KGMapSelectionsVC_iPad.xib in Resources */,
				EB9D626017D43FFD00ADE1D2 /* KGFlickrListVC_iPhone.xib in Resources */,
				EB9D626117D43FFD00ADE1D2 /* KGMapSelectionsVC_iPhone.xib in Resources */,
				EB9D626217D43FFD00ADE1D2 /* KGFlickrItemCell.xib in Resources */,
				EB9D626717D43FFD00ADE1D2 /* DAChooseFontTableView.xib in Resources */,
				EB9D626A17D43FFD00ADE1D2 /* DAMainFontExplorer.xib in Resources */,
				EB9D626D17D43FFD00ADE1D2 /* FontSizeCell.xib in Resources */,
				EB9D626E17D43FFD00ADE1D2 /* Crosshairs-3456-jhnri4.png in Resources */,
				EB9D626F17D43FFD00ADE1D2 /* first.png in Resources */,
				EB9D627017D43FFD00ADE1D2 /* first@2x.png in Resources */,
				EB9D627117D43FFD00ADE1D2 /* second.png in Resources */,
				EB9D627217D43FFD00ADE1D2 /* second@2x.png in Resources */,
				EB9D627317D43FFD00ADE1D2 /* third.png in Resources */,
				EB9D627417D43FFD00ADE1D2 /* third@2x.png in Resources */,
				EB9D627917D43FFD00ADE1D2 /* KGInspectFlickrItemVC.xib in Resources */,
				EB35A52417DBA6780031C23C /* mystic_basin_trail.gpx in Resources */,
				EB35A52817DBB9BF0031C23C /* UtahStGeorge.gpx in Resources */,
			);
			runOnlyForDeploymentPostprocessing = 0;
		};
/* End PBXResourcesBuildPhase section */

/* Begin PBXSourcesBuildPhase section */
		EB9D603417D438F500ADE1D2 /* Sources */ = {
			isa = PBXSourcesBuildPhase;
			buildActionMask = 2147483647;
			files = (
				EB9D624E17D43FFD00ADE1D2 /* _KGFlickrItem.m in Sources */,
				EB9D624F17D43FFD00ADE1D2 /* _KGFlickrMedia.m in Sources */,
				EB9D625017D43FFD00ADE1D2 /* _KGFlickrTag.m in Sources */,
				EB9D625117D43FFD00ADE1D2 /* _KGLocationSaveItem.m in Sources */,
				EB9D625217D43FFD00ADE1D2 /* KGFlickrItem.m in Sources */,
				EB9D625317D43FFD00ADE1D2 /* KGFlickrMedia.m in Sources */,
				EB9D625417D43FFD00ADE1D2 /* KGFlickrTag.m in Sources */,
				EB9D625517D43FFD00ADE1D2 /* KGLocationSaveItem.m in Sources */,
				EB9D625617D43FFD00ADE1D2 /* DebuggingModel.xcdatamodeld in Sources */,
				EB9D626317D43FFD00ADE1D2 /* main.m in Sources */,
				EB9D626417D43FFD00ADE1D2 /* KGFlickrMasterRequest.m in Sources */,
				EB9D626517D43FFD00ADE1D2 /* KGFriendNewPhotosRequest.m in Sources */,
				EB9D626617D43FFD00ADE1D2 /* KGRandomNewPhotosRequest.m in Sources */,
				EB9D626817D43FFD00ADE1D2 /* DAChooseFontTableViewController.m in Sources */,
				EB9D626917D43FFD00ADE1D2 /* DAMainFontExplorer.m in Sources */,
				EB9D626B17D43FFD00ADE1D2 /* DAPossibleFonts.m in Sources */,
				EB9D626C17D43FFD00ADE1D2 /* FontSizeCell.m in Sources */,
				EB9D627517D43FFD00ADE1D2 /* KGAppDelegate.m in Sources */,
				EB9D627617D43FFD00ADE1D2 /* KGFlickrItemCell.m in Sources */,
				EB9D627717D43FFD00ADE1D2 /* KGFlickrListVC.m in Sources */,
				EB9D627817D43FFD00ADE1D2 /* KGInspectFlickrItemVC.m in Sources */,
				EB9D627A17D43FFD00ADE1D2 /* KGMapSelectionsVC.m in Sources */,
				EB9D627B17D43FFD00ADE1D2 /* UITableViewCellAdditions.m in Sources */,
				EB9D636D17D4435900ADE1D2 /* AFHTTPClient.m in Sources */,
				EB9D636E17D4435900ADE1D2 /* AFHTTPRequestOperation.m in Sources */,
				EB9D636F17D4435900ADE1D2 /* AFImageRequestOperation.m in Sources */,
				EB9D637017D4435900ADE1D2 /* AFJSONRequestOperation.m in Sources */,
				EB9D637117D4435900ADE1D2 /* AFJSONUtilities.m in Sources */,
				EB9D637217D4435900ADE1D2 /* AFNetworkActivityIndicatorManager.m in Sources */,
				EB9D637317D4435900ADE1D2 /* AFPropertyListRequestOperation.m in Sources */,
				EB9D637417D4435900ADE1D2 /* AFURLConnectionOperation.m in Sources */,
				EB9D637517D4435900ADE1D2 /* AFXMLRequestOperation.m in Sources */,
				EB9D637617D4435900ADE1D2 /* UIImageView+AFNetworking.m in Sources */,
				EB9D638F17D4436100ADE1D2 /* NSArray+KGConversions.m in Sources */,
				EB9D639017D4436100ADE1D2 /* NSDictionary+KGSafeExtract.m in Sources */,
				EB9D639117D4436100ADE1D2 /* NSMutableDictionary+KGGroupFlagDict.m in Sources */,
				EB9D639217D4436100ADE1D2 /* NSNull+ActAsNil.m in Sources */,
				EB9D639317D4436100ADE1D2 /* NSString+KGStringAdditions.m in Sources */,
				EB9D639417D4436100ADE1D2 /* KGCoreDataObject.m in Sources */,
				EB9D639517D4436100ADE1D2 /* KGDataObject.m in Sources */,
				EB9D639617D4436100ADE1D2 /* NSFileManager+KGPaths.m in Sources */,
				EB9D639717D4436100ADE1D2 /* UILabel+KGSizeAdditions.m in Sources */,
				EB9D639817D4436100ADE1D2 /* UIViewController+KGUniversalVC.m in Sources */,
				EB9D644817D443C500ADE1D2 /* Reachability.m in Sources */,
				EB35A51E17DB9A070031C23C /* KGStore.m in Sources */,
				EB35A51F17DB9A070031C23C /* NSManagedObject+KGStore.m in Sources */,
			);
			runOnlyForDeploymentPostprocessing = 0;
		};
/* End PBXSourcesBuildPhase section */

/* Begin PBXVariantGroup section */
		EB9D609017D43FFB00ADE1D2 /* InfoPlist.strings */ = {
			isa = PBXVariantGroup;
			children = (
				EB9D609117D43FFB00ADE1D2 /* en */,
			);
			name = InfoPlist.strings;
			sourceTree = "<group>";
		};
/* End PBXVariantGroup section */

/* Begin XCBuildConfiguration section */
		EB9D606D17D438F500ADE1D2 /* Debug */ = {
			isa = XCBuildConfiguration;
			buildSettings = {
				ALWAYS_SEARCH_USER_PATHS = NO;
				CLANG_CXX_LANGUAGE_STANDARD = "gnu++0x";
				CLANG_CXX_LIBRARY = "libc++";
				CLANG_ENABLE_OBJC_ARC = YES;
				CLANG_WARN_CONSTANT_CONVERSION = YES;
				CLANG_WARN_EMPTY_BODY = YES;
				CLANG_WARN_ENUM_CONVERSION = YES;
				CLANG_WARN_INT_CONVERSION = YES;
				CLANG_WARN__DUPLICATE_METHOD_MATCH = YES;
				"CODE_SIGN_IDENTITY[sdk=iphoneos*]" = "iPhone Developer";
				COPY_PHASE_STRIP = NO;
				GCC_C_LANGUAGE_STANDARD = gnu99;
				GCC_DYNAMIC_NO_PIC = NO;
				GCC_OPTIMIZATION_LEVEL = 0;
				GCC_PREPROCESSOR_DEFINITIONS = (
					"DEBUG=1",
					"$(inherited)",
				);
				GCC_SYMBOLS_PRIVATE_EXTERN = NO;
				GCC_WARN_ABOUT_RETURN_TYPE = YES;
				GCC_WARN_UNINITIALIZED_AUTOS = YES;
				GCC_WARN_UNUSED_VARIABLE = YES;
				IPHONEOS_DEPLOYMENT_TARGET = 6.1;
				ONLY_ACTIVE_ARCH = YES;
				OTHER_LDFLAGS = (
					"-all_load",
					"-ObjC",
				);
				SDKROOT = iphoneos;
				TARGETED_DEVICE_FAMILY = "1,2";
			};
			name = Debug;
		};
		EB9D606E17D438F500ADE1D2 /* Release */ = {
			isa = XCBuildConfiguration;
			buildSettings = {
				ALWAYS_SEARCH_USER_PATHS = NO;
				CLANG_CXX_LANGUAGE_STANDARD = "gnu++0x";
				CLANG_CXX_LIBRARY = "libc++";
				CLANG_ENABLE_OBJC_ARC = YES;
				CLANG_WARN_CONSTANT_CONVERSION = YES;
				CLANG_WARN_EMPTY_BODY = YES;
				CLANG_WARN_ENUM_CONVERSION = YES;
				CLANG_WARN_INT_CONVERSION = YES;
				CLANG_WARN__DUPLICATE_METHOD_MATCH = YES;
				"CODE_SIGN_IDENTITY[sdk=iphoneos*]" = "iPhone Developer";
				COPY_PHASE_STRIP = YES;
				GCC_C_LANGUAGE_STANDARD = gnu99;
				GCC_WARN_ABOUT_RETURN_TYPE = YES;
				GCC_WARN_UNINITIALIZED_AUTOS = YES;
				GCC_WARN_UNUSED_VARIABLE = YES;
				IPHONEOS_DEPLOYMENT_TARGET = 6.1;
				OTHER_CFLAGS = "-DNS_BLOCK_ASSERTIONS=1";
				OTHER_LDFLAGS = (
					"-all_load",
					"-ObjC",
				);
				SDKROOT = iphoneos;
				TARGETED_DEVICE_FAMILY = "1,2";
				VALIDATE_PRODUCT = YES;
			};
			name = Release;
		};
		EB9D607017D438F500ADE1D2 /* Debug */ = {
			isa = XCBuildConfiguration;
			buildSettings = {
				FRAMEWORK_SEARCH_PATHS = (
					"$(inherited)",
					"\"$(SRCROOT)/DebuggingAppV3/ThirdParty/MagicalRecord/Project Files/iOS App Unit Tests/Frameworks\"",
					"\"$(SRCROOT)/DebuggingAppV3/ThirdParty/MagicalRecord/Project Files/Mac App Unit Tests/Frameworks\"",
					"\"$(SRCROOT)/../Extra/Reveal\"",
				);
				GCC_PRECOMPILE_PREFIX_HEADER = YES;
				GCC_PREFIX_HEADER = "DebuggingAppV3/DebuggingAppV3-Prefix.pch";
				INFOPLIST_FILE = "DebuggingAppV3/DebuggingAppV3-Info.plist";
				LIBRARY_SEARCH_PATHS = (
					"$(inherited)",
					"\"$(SRCROOT)/DebuggingAppV3/ThirdParty/MagicalRecord/Project Files/iOS App Unit Tests/Frameworks/OCMockLibrary\"",
					"\"$(SRCROOT)/DebuggingAppV3/ThirdParty/MagicalRecord/Project Files/Mac App Unit Tests/Frameworks/OCMockLibrary\"",
				);
				PRODUCT_NAME = "$(TARGET_NAME)";
				WRAPPER_EXTENSION = app;
			};
			name = Debug;
		};
		EB9D607117D438F500ADE1D2 /* Release */ = {
			isa = XCBuildConfiguration;
			buildSettings = {
				FRAMEWORK_SEARCH_PATHS = (
					"$(inherited)",
					"\"$(SRCROOT)/DebuggingAppV3/ThirdParty/MagicalRecord/Project Files/iOS App Unit Tests/Frameworks\"",
					"\"$(SRCROOT)/DebuggingAppV3/ThirdParty/MagicalRecord/Project Files/Mac App Unit Tests/Frameworks\"",
					"\"$(SRCROOT)/../Extra/Reveal\"",
				);
				GCC_PRECOMPILE_PREFIX_HEADER = YES;
				GCC_PREFIX_HEADER = "DebuggingAppV3/DebuggingAppV3-Prefix.pch";
				INFOPLIST_FILE = "DebuggingAppV3/DebuggingAppV3-Info.plist";
				LIBRARY_SEARCH_PATHS = (
					"$(inherited)",
					"\"$(SRCROOT)/DebuggingAppV3/ThirdParty/MagicalRecord/Project Files/iOS App Unit Tests/Frameworks/OCMockLibrary\"",
					"\"$(SRCROOT)/DebuggingAppV3/ThirdParty/MagicalRecord/Project Files/Mac App Unit Tests/Frameworks/OCMockLibrary\"",
				);
				PRODUCT_NAME = "$(TARGET_NAME)";
				WRAPPER_EXTENSION = app;
			};
			name = Release;
		};
/* End XCBuildConfiguration section */

/* Begin XCConfigurationList section */
		EB9D603317D438F500ADE1D2 /* Build configuration list for PBXProject "DebuggingAppV3" */ = {
			isa = XCConfigurationList;
			buildConfigurations = (
				EB9D606D17D438F500ADE1D2 /* Debug */,
				EB9D606E17D438F500ADE1D2 /* Release */,
			);
			defaultConfigurationIsVisible = 0;
			defaultConfigurationName = Release;
		};
		EB9D606F17D438F500ADE1D2 /* Build configuration list for PBXNativeTarget "DebuggingAppV3" */ = {
			isa = XCConfigurationList;
			buildConfigurations = (
				EB9D607017D438F500ADE1D2 /* Debug */,
				EB9D607117D438F500ADE1D2 /* Release */,
			);
			defaultConfigurationIsVisible = 0;
			defaultConfigurationName = Release;
		};
/* End XCConfigurationList section */

/* Begin XCVersionGroup section */
		EB9D608417D43FFB00ADE1D2 /* DebuggingModel.xcdatamodeld */ = {
			isa = XCVersionGroup;
			children = (
				EB9D608517D43FFB00ADE1D2 /* DebuggingModel v1.0.xcdatamodel */,
				EB9D608617D43FFB00ADE1D2 /* DebuggingModel.xcdatamodel */,
			);
			currentVersion = EB9D608517D43FFB00ADE1D2 /* DebuggingModel v1.0.xcdatamodel */;
			path = DebuggingModel.xcdatamodeld;
			sourceTree = "<group>";
			versionGroupType = wrapper.xcdatamodel;
		};
/* End XCVersionGroup section */
	};
	rootObject = EB9D603017D438F500ADE1D2 /* Project object */;
}
